// !$*UTF8*$!
{
	archiveVersion = 1;
	classes = {
	};
	objectVersion = 54;
	objects = {

/* Begin PBXBuildFile section */
		0C80B921A6F3F58F76C31292 /* libPods-MiscueReading.a in Frameworks */ = {isa = PBXBuildFile; fileRef = 5DCACB8F33CDC322A6C60F78 /* libPods-MiscueReading.a */; };
		13B07FBF1A68108700A75B9A /* Images.xcassets in Resources */ = {isa = PBXBuildFile; fileRef = 13B07FB51A68108700A75B9A /* Images.xcassets */; };
		761780ED2CA45674006654EE /* AppDelegate.swift in Sources */ = {isa = PBXBuildFile; fileRef = 761780EC2CA45674006654EE /* AppDelegate.swift */; };
		81AB9BB82411601600AC10FF /* LaunchScreen.storyboard in Resources */ = {isa = PBXBuildFile; fileRef = 81AB9BB72411601600AC10FF /* LaunchScreen.storyboard */; };
		5B906382BB1E42DFA08DAA13 /* sassoon-primary-std.otf in Resources */ = {isa = PBXBuildFile; fileRef = 2859462A7B0643A4BD8500A4 /* sassoon-primary-std.otf */; };
		0F0FB9527677488181F88BE7 /* Comfortaa-Bold.ttf in Resources */ = {isa = PBXBuildFile; fileRef = 294AABC67A494D4E9D48E415 /* Comfortaa-Bold.ttf */; };
		3065CDA7FD034C15B3079DB3 /* Comfortaa-Light.ttf in Resources */ = {isa = PBXBuildFile; fileRef = D9C4FA5B80754A4C9C28156D /* Comfortaa-Light.ttf */; };
		8FF51B19B101420D92204E96 /* Comfortaa-Medium.ttf in Resources */ = {isa = PBXBuildFile; fileRef = 36190AE420914A2C98D34CA3 /* Comfortaa-Medium.ttf */; };
		6D19CB07B00C4DA2A58A64B3 /* Comfortaa-Regular.ttf in Resources */ = {isa = PBXBuildFile; fileRef = 94950060D4AB442EB55C8C64 /* Comfortaa-Regular.ttf */; };
		6E1FD8DE95E84D579C116530 /* Comfortaa-SemiBold.ttf in Resources */ = {isa = PBXBuildFile; fileRef = C3268FDDFA884C0D9AD5A381 /* Comfortaa-SemiBold.ttf */; };
		6E9EFD43D3774078938BC6A5 /* Comfortaa-VariableFont_wght.ttf in Resources */ = {isa = PBXBuildFile; fileRef = 65B67799646045C2A1432EE7 /* Comfortaa-VariableFont_wght.ttf */; };
		B3ED1AD048B9483F9CE83BD9 /* DynaPuff-Bold.ttf in Resources */ = {isa = PBXBuildFile; fileRef = A91739990DD04943997996D3 /* DynaPuff-Bold.ttf */; };
		9677F4B141C64F4A8DDED709 /* DynaPuff-Medium.ttf in Resources */ = {isa = PBXBuildFile; fileRef = 280157FFB2EA40B18D10EF0E /* DynaPuff-Medium.ttf */; };
		039E3397F7BC4750B67F9E57 /* DynaPuff-Regular.ttf in Resources */ = {isa = PBXBuildFile; fileRef = 3E526F9C7436496A9A73E69B /* DynaPuff-Regular.ttf */; };
		E26EFC4AC26B481D8BABF7E4 /* DynaPuff-SemiBold.ttf in Resources */ = {isa = PBXBuildFile; fileRef = 8825E88F87AE4CDC942E7542 /* DynaPuff-SemiBold.ttf */; };
		46488A1BA86B4CB3BC91E66E /* DynaPuff-VariableFont_wdth,wght.ttf in Resources */ = {isa = PBXBuildFile; fileRef = 561CE56F4C164303A7830337 /* DynaPuff-VariableFont_wdth,wght.ttf */; };
		FA4B25EAE49140D493B1E011 /* DynaPuff_Condensed-Bold.ttf in Resources */ = {isa = PBXBuildFile; fileRef = 78882739EA9949ED945A7F42 /* DynaPuff_Condensed-Bold.ttf */; };
		72B34619BF4541A1BDEB19C5 /* DynaPuff_Condensed-Medium.ttf in Resources */ = {isa = PBXBuildFile; fileRef = F92005F2243E4B6C9BED9D10 /* DynaPuff_Condensed-Medium.ttf */; };
		BDC649E8E31D418590E7990B /* DynaPuff_Condensed-Regular.ttf in Resources */ = {isa = PBXBuildFile; fileRef = 9AF7E0CABD5B41EBA1B865FB /* DynaPuff_Condensed-Regular.ttf */; };
		3A2BC70D7B9C4E39B0400BBA /* DynaPuff_Condensed-SemiBold.ttf in Resources */ = {isa = PBXBuildFile; fileRef = C1BF4EECA31447608B1923FD /* DynaPuff_Condensed-SemiBold.ttf */; };
		79BE15988455428C873D00CF /* DynaPuff_SemiCondensed-Bold.ttf in Resources */ = {isa = PBXBuildFile; fileRef = ED6B6AC7FC6B44F4ABF78C71 /* DynaPuff_SemiCondensed-Bold.ttf */; };
		57C5E908038F449F8836A741 /* DynaPuff_SemiCondensed-Medium.ttf in Resources */ = {isa = PBXBuildFile; fileRef = 53E66097E66A42AFA18E88EA /* DynaPuff_SemiCondensed-Medium.ttf */; };
		B9F1D0D0FC224CD5B18B490C /* DynaPuff_SemiCondensed-Regular.ttf in Resources */ = {isa = PBXBuildFile; fileRef = 246149FA2E07493FB7C63A5F /* DynaPuff_SemiCondensed-Regular.ttf */; };
		4A0768B9B299439BA6459062 /* DynaPuff_SemiCondensed-SemiBold.ttf in Resources */ = {isa = PBXBuildFile; fileRef = 554FAA9F6E9E4CFDB5285538 /* DynaPuff_SemiCondensed-SemiBold.ttf */; };
		2885FAD645E0478E88705688 /* Nunito-Black.ttf in Resources */ = {isa = PBXBuildFile; fileRef = B6C4D0B7783A4698A2D6514C /* Nunito-Black.ttf */; };
		B870FE01CA214B28B5E96DB6 /* Nunito-BlackItalic.ttf in Resources */ = {isa = PBXBuildFile; fileRef = 9A8C754AB05D4B768A1F034D /* Nunito-BlackItalic.ttf */; };
		A593D9D283E2446CB8C89106 /* Nunito-Bold.ttf in Resources */ = {isa = PBXBuildFile; fileRef = F6A9E95BB4DD46148E46431C /* Nunito-Bold.ttf */; };
		20B09B84C1374AECA6237F8C /* Nunito-BoldItalic.ttf in Resources */ = {isa = PBXBuildFile; fileRef = 719CA0D385B74989914BE96D /* Nunito-BoldItalic.ttf */; };
		7A1D2F9CA3CB49F191131A3F /* Nunito-ExtraBold.ttf in Resources */ = {isa = PBXBuildFile; fileRef = 9FEA1ADB9C6B4A30A6555837 /* Nunito-ExtraBold.ttf */; };
		6610513AABEB466FB3A80046 /* Nunito-ExtraBoldItalic.ttf in Resources */ = {isa = PBXBuildFile; fileRef = 6CF8848255DA42189AF12EA6 /* Nunito-ExtraBoldItalic.ttf */; };
		7215630A5EFB4253A550E8B5 /* Nunito-ExtraLight.ttf in Resources */ = {isa = PBXBuildFile; fileRef = 12C11E69C9CE41B79C40E208 /* Nunito-ExtraLight.ttf */; };
		F39C02D00C3F406E9E061066 /* Nunito-ExtraLightItalic.ttf in Resources */ = {isa = PBXBuildFile; fileRef = E33E65C41C1945E6A8E9D3E4 /* Nunito-ExtraLightItalic.ttf */; };
		E4269DC3454C449FA60C69E5 /* Nunito-Italic.ttf in Resources */ = {isa = PBXBuildFile; fileRef = FA47209060F9494BB6C097DF /* Nunito-Italic.ttf */; };
		BA228726D7ED44989196AE8D /* Nunito-Light.ttf in Resources */ = {isa = PBXBuildFile; fileRef = CCCB136DAEF045C4AAFABD60 /* Nunito-Light.ttf */; };
		3164FA3AD2754E5B82654EB4 /* Nunito-LightItalic.ttf in Resources */ = {isa = PBXBuildFile; fileRef = 75781C6F5F60427FA7DDD6E6 /* Nunito-LightItalic.ttf */; };
		7451361A30FA4977B351086F /* Nunito-Medium.ttf in Resources */ = {isa = PBXBuildFile; fileRef = 35BF85A6BDDB4ECBB4CE8901 /* Nunito-Medium.ttf */; };
		F96DAFABECEE4B73BEE27615 /* Nunito-MediumItalic.ttf in Resources */ = {isa = PBXBuildFile; fileRef = 91EF5AD488794CCCBF69557A /* Nunito-MediumItalic.ttf */; };
		82A76D0983B1480D9790021F /* Nunito-Regular.ttf in Resources */ = {isa = PBXBuildFile; fileRef = 8F4AD6CEADE04D1D909E7E9B /* Nunito-Regular.ttf */; };
		8CD8050EAB0A46FC8EA15E92 /* Nunito-SemiBold.ttf in Resources */ = {isa = PBXBuildFile; fileRef = E467678F8CD249199EC07F7E /* Nunito-SemiBold.ttf */; };
		74540D6B69C04BA9AA456D4A /* Nunito-SemiBoldItalic.ttf in Resources */ = {isa = PBXBuildFile; fileRef = 8B1666EBC20A4D1D9F17BD44 /* Nunito-SemiBoldItalic.ttf */; };
		D04A0E28AF1A45849C1EAA10 /* Satoshi-Black.ttf in Resources */ = {isa = PBXBuildFile; fileRef = 81058A5135BD4E2EA17BA8A6 /* Satoshi-Black.ttf */; };
		C44689D240D945F0BA39DA6A /* Satoshi-BlackItalic.ttf in Resources */ = {isa = PBXBuildFile; fileRef = CF9DC5D8D9A34A9BB35F8FE5 /* Satoshi-BlackItalic.ttf */; };
		957B9BAF9B604574A246A165 /* Satoshi-Bold.ttf in Resources */ = {isa = PBXBuildFile; fileRef = E5351832D4964E7E9A6B1A1D /* Satoshi-Bold.ttf */; };
		CEADEE2D043842AAB9D6D6BE /* Satoshi-BoldItalic.ttf in Resources */ = {isa = PBXBuildFile; fileRef = 840ADAB162F8448986117AE4 /* Satoshi-BoldItalic.ttf */; };
		C149FF3F37DF4075B3C5A685 /* Satoshi-Italic.ttf in Resources */ = {isa = PBXBuildFile; fileRef = E63573A107CC4C6E967DA956 /* Satoshi-Italic.ttf */; };
		B6C5C237B89F4CB39EA25300 /* Satoshi-Light.ttf in Resources */ = {isa = PBXBuildFile; fileRef = 79F07E3026254C2FA02AF316 /* Satoshi-Light.ttf */; };
		137E7C643F8C48AFBA58E56E /* Satoshi-LightItalic.ttf in Resources */ = {isa = PBXBuildFile; fileRef = 0BADBCAEB9D64BA381ECB659 /* Satoshi-LightItalic.ttf */; };
		91132CA1273A42B8A9A55359 /* Satoshi-Medium.ttf in Resources */ = {isa = PBXBuildFile; fileRef = E1766DD3E9124FC990EB48DA /* Satoshi-Medium.ttf */; };
		F01AA7044DA04327A709EBCC /* Satoshi-MediumItalic.ttf in Resources */ = {isa = PBXBuildFile; fileRef = D3BC284A5A3C4E45B76E4374 /* Satoshi-MediumItalic.ttf */; };
		1B02B40DF4EB4FEBBC1BF911 /* Satoshi-Regular.ttf in Resources */ = {isa = PBXBuildFile; fileRef = 1C535361325443E08517770F /* Satoshi-Regular.ttf */; };
		613640B8A31443B3949D1096 /* Satoshi-Variable.ttf in Resources */ = {isa = PBXBuildFile; fileRef = 68D10C0D8630456698A9E647 /* Satoshi-Variable.ttf */; };
		061FC25453B3462DADDC4B79 /* Satoshi-VariableItalic.ttf in Resources */ = {isa = PBXBuildFile; fileRef = CA18244E85F344A69F25F75C /* Satoshi-VariableItalic.ttf */; };
/* End PBXBuildFile section */

/* Begin PBXFileReference section */
		13B07F961A680F5B00A75B9A /* MiscueReading.app */ = {isa = PBXFileReference; explicitFileType = wrapper.application; includeInIndex = 0; path = MiscueReading.app; sourceTree = BUILT_PRODUCTS_DIR; };
		13B07FB51A68108700A75B9A /* Images.xcassets */ = {isa = PBXFileReference; lastKnownFileType = folder.assetcatalog; name = Images.xcassets; path = MiscueReading/Images.xcassets; sourceTree = "<group>"; };
		13B07FB61A68108700A75B9A /* Info.plist */ = {isa = PBXFileReference; fileEncoding = 4; lastKnownFileType = text.plist.xml; name = Info.plist; path = MiscueReading/Info.plist; sourceTree = "<group>"; };
		13B07FB81A68108700A75B9A /* PrivacyInfo.xcprivacy */ = {isa = PBXFileReference; fileEncoding = 4; lastKnownFileType = text.plist.xml; name = PrivacyInfo.xcprivacy; path = MiscueReading/PrivacyInfo.xcprivacy; sourceTree = "<group>"; };
		3B4392A12AC88292D35C810B /* Pods-MiscueReading.debug.xcconfig */ = {isa = PBXFileReference; includeInIndex = 1; lastKnownFileType = text.xcconfig; name = "Pods-MiscueReading.debug.xcconfig"; path = "Target Support Files/Pods-MiscueReading/Pods-MiscueReading.debug.xcconfig"; sourceTree = "<group>"; };
		5709B34CF0A7D63546082F79 /* Pods-MiscueReading.release.xcconfig */ = {isa = PBXFileReference; includeInIndex = 1; lastKnownFileType = text.xcconfig; name = "Pods-MiscueReading.release.xcconfig"; path = "Target Support Files/Pods-MiscueReading/Pods-MiscueReading.release.xcconfig"; sourceTree = "<group>"; };
		5DCACB8F33CDC322A6C60F78 /* libPods-MiscueReading.a */ = {isa = PBXFileReference; explicitFileType = archive.ar; includeInIndex = 0; path = "libPods-MiscueReading.a"; sourceTree = BUILT_PRODUCTS_DIR; };
		761780EC2CA45674006654EE /* AppDelegate.swift */ = {isa = PBXFileReference; lastKnownFileType = sourcecode.swift; name = AppDelegate.swift; path = MiscueReading/AppDelegate.swift; sourceTree = "<group>"; };
		81AB9BB72411601600AC10FF /* LaunchScreen.storyboard */ = {isa = PBXFileReference; fileEncoding = 4; lastKnownFileType = file.storyboard; name = LaunchScreen.storyboard; path = MiscueReading/LaunchScreen.storyboard; sourceTree = "<group>"; };
		ED297162215061F000B7C4FE /* JavaScriptCore.framework */ = {isa = PBXFileReference; lastKnownFileType = wrapper.framework; name = JavaScriptCore.framework; path = System/Library/Frameworks/JavaScriptCore.framework; sourceTree = SDKROOT; };
		2859462A7B0643A4BD8500A4 /* sassoon-primary-std.otf */ = {isa = PBXFileReference; name = "sassoon-primary-std.otf"; path = "../assets/fonts/sassoon-primary-std.otf"; sourceTree = "<group>"; fileEncoding = undefined; lastKnownFileType = unknown; explicitFileType = undefined; includeInIndex = 0; };
		294AABC67A494D4E9D48E415 /* Comfortaa-Bold.ttf */ = {isa = PBXFileReference; name = "Comfortaa-Bold.ttf"; path = "../assets/fonts/Comfortaa-Bold.ttf"; sourceTree = "<group>"; fileEncoding = undefined; lastKnownFileType = unknown; explicitFileType = undefined; includeInIndex = 0; };
		D9C4FA5B80754A4C9C28156D /* Comfortaa-Light.ttf */ = {isa = PBXFileReference; name = "Comfortaa-Light.ttf"; path = "../assets/fonts/Comfortaa-Light.ttf"; sourceTree = "<group>"; fileEncoding = undefined; lastKnownFileType = unknown; explicitFileType = undefined; includeInIndex = 0; };
		36190AE420914A2C98D34CA3 /* Comfortaa-Medium.ttf */ = {isa = PBXFileReference; name = "Comfortaa-Medium.ttf"; path = "../assets/fonts/Comfortaa-Medium.ttf"; sourceTree = "<group>"; fileEncoding = undefined; lastKnownFileType = unknown; explicitFileType = undefined; includeInIndex = 0; };
		94950060D4AB442EB55C8C64 /* Comfortaa-Regular.ttf */ = {isa = PBXFileReference; name = "Comfortaa-Regular.ttf"; path = "../assets/fonts/Comfortaa-Regular.ttf"; sourceTree = "<group>"; fileEncoding = undefined; lastKnownFileType = unknown; explicitFileType = undefined; includeInIndex = 0; };
		C3268FDDFA884C0D9AD5A381 /* Comfortaa-SemiBold.ttf */ = {isa = PBXFileReference; name = "Comfortaa-SemiBold.ttf"; path = "../assets/fonts/Comfortaa-SemiBold.ttf"; sourceTree = "<group>"; fileEncoding = undefined; lastKnownFileType = unknown; explicitFileType = undefined; includeInIndex = 0; };
		65B67799646045C2A1432EE7 /* Comfortaa-VariableFont_wght.ttf */ = {isa = PBXFileReference; name = "Comfortaa-VariableFont_wght.ttf"; path = "../assets/fonts/Comfortaa-VariableFont_wght.ttf"; sourceTree = "<group>"; fileEncoding = undefined; lastKnownFileType = unknown; explicitFileType = undefined; includeInIndex = 0; };
		A91739990DD04943997996D3 /* DynaPuff-Bold.ttf */ = {isa = PBXFileReference; name = "DynaPuff-Bold.ttf"; path = "../assets/fonts/DynaPuff-Bold.ttf"; sourceTree = "<group>"; fileEncoding = undefined; lastKnownFileType = unknown; explicitFileType = undefined; includeInIndex = 0; };
		280157FFB2EA40B18D10EF0E /* DynaPuff-Medium.ttf */ = {isa = PBXFileReference; name = "DynaPuff-Medium.ttf"; path = "../assets/fonts/DynaPuff-Medium.ttf"; sourceTree = "<group>"; fileEncoding = undefined; lastKnownFileType = unknown; explicitFileType = undefined; includeInIndex = 0; };
		3E526F9C7436496A9A73E69B /* DynaPuff-Regular.ttf */ = {isa = PBXFileReference; name = "DynaPuff-Regular.ttf"; path = "../assets/fonts/DynaPuff-Regular.ttf"; sourceTree = "<group>"; fileEncoding = undefined; lastKnownFileType = unknown; explicitFileType = undefined; includeInIndex = 0; };
		8825E88F87AE4CDC942E7542 /* DynaPuff-SemiBold.ttf */ = {isa = PBXFileReference; name = "DynaPuff-SemiBold.ttf"; path = "../assets/fonts/DynaPuff-SemiBold.ttf"; sourceTree = "<group>"; fileEncoding = undefined; lastKnownFileType = unknown; explicitFileType = undefined; includeInIndex = 0; };
		561CE56F4C164303A7830337 /* DynaPuff-VariableFont_wdth,wght.ttf */ = {isa = PBXFileReference; name = "DynaPuff-VariableFont_wdth,wght.ttf"; path = "../assets/fonts/DynaPuff-VariableFont_wdth,wght.ttf"; sourceTree = "<group>"; fileEncoding = undefined; lastKnownFileType = unknown; explicitFileType = undefined; includeInIndex = 0; };
		78882739EA9949ED945A7F42 /* DynaPuff_Condensed-Bold.ttf */ = {isa = PBXFileReference; name = "DynaPuff_Condensed-Bold.ttf"; path = "../assets/fonts/DynaPuff_Condensed-Bold.ttf"; sourceTree = "<group>"; fileEncoding = undefined; lastKnownFileType = unknown; explicitFileType = undefined; includeInIndex = 0; };
		F92005F2243E4B6C9BED9D10 /* DynaPuff_Condensed-Medium.ttf */ = {isa = PBXFileReference; name = "DynaPuff_Condensed-Medium.ttf"; path = "../assets/fonts/DynaPuff_Condensed-Medium.ttf"; sourceTree = "<group>"; fileEncoding = undefined; lastKnownFileType = unknown; explicitFileType = undefined; includeInIndex = 0; };
		9AF7E0CABD5B41EBA1B865FB /* DynaPuff_Condensed-Regular.ttf */ = {isa = PBXFileReference; name = "DynaPuff_Condensed-Regular.ttf"; path = "../assets/fonts/DynaPuff_Condensed-Regular.ttf"; sourceTree = "<group>"; fileEncoding = undefined; lastKnownFileType = unknown; explicitFileType = undefined; includeInIndex = 0; };
		C1BF4EECA31447608B1923FD /* DynaPuff_Condensed-SemiBold.ttf */ = {isa = PBXFileReference; name = "DynaPuff_Condensed-SemiBold.ttf"; path = "../assets/fonts/DynaPuff_Condensed-SemiBold.ttf"; sourceTree = "<group>"; fileEncoding = undefined; lastKnownFileType = unknown; explicitFileType = undefined; includeInIndex = 0; };
		ED6B6AC7FC6B44F4ABF78C71 /* DynaPuff_SemiCondensed-Bold.ttf */ = {isa = PBXFileReference; name = "DynaPuff_SemiCondensed-Bold.ttf"; path = "../assets/fonts/DynaPuff_SemiCondensed-Bold.ttf"; sourceTree = "<group>"; fileEncoding = undefined; lastKnownFileType = unknown; explicitFileType = undefined; includeInIndex = 0; };
		53E66097E66A42AFA18E88EA /* DynaPuff_SemiCondensed-Medium.ttf */ = {isa = PBXFileReference; name = "DynaPuff_SemiCondensed-Medium.ttf"; path = "../assets/fonts/DynaPuff_SemiCondensed-Medium.ttf"; sourceTree = "<group>"; fileEncoding = undefined; lastKnownFileType = unknown; explicitFileType = undefined; includeInIndex = 0; };
		246149FA2E07493FB7C63A5F /* DynaPuff_SemiCondensed-Regular.ttf */ = {isa = PBXFileReference; name = "DynaPuff_SemiCondensed-Regular.ttf"; path = "../assets/fonts/DynaPuff_SemiCondensed-Regular.ttf"; sourceTree = "<group>"; fileEncoding = undefined; lastKnownFileType = unknown; explicitFileType = undefined; includeInIndex = 0; };
		554FAA9F6E9E4CFDB5285538 /* DynaPuff_SemiCondensed-SemiBold.ttf */ = {isa = PBXFileReference; name = "DynaPuff_SemiCondensed-SemiBold.ttf"; path = "../assets/fonts/DynaPuff_SemiCondensed-SemiBold.ttf"; sourceTree = "<group>"; fileEncoding = undefined; lastKnownFileType = unknown; explicitFileType = undefined; includeInIndex = 0; };
		B6C4D0B7783A4698A2D6514C /* Nunito-Black.ttf */ = {isa = PBXFileReference; name = "Nunito-Black.ttf"; path = "../assets/fonts/Nunito-Black.ttf"; sourceTree = "<group>"; fileEncoding = undefined; lastKnownFileType = unknown; explicitFileType = undefined; includeInIndex = 0; };
		9A8C754AB05D4B768A1F034D /* Nunito-BlackItalic.ttf */ = {isa = PBXFileReference; name = "Nunito-BlackItalic.ttf"; path = "../assets/fonts/Nunito-BlackItalic.ttf"; sourceTree = "<group>"; fileEncoding = undefined; lastKnownFileType = unknown; explicitFileType = undefined; includeInIndex = 0; };
		F6A9E95BB4DD46148E46431C /* Nunito-Bold.ttf */ = {isa = PBXFileReference; name = "Nunito-Bold.ttf"; path = "../assets/fonts/Nunito-Bold.ttf"; sourceTree = "<group>"; fileEncoding = undefined; lastKnownFileType = unknown; explicitFileType = undefined; includeInIndex = 0; };
		719CA0D385B74989914BE96D /* Nunito-BoldItalic.ttf */ = {isa = PBXFileReference; name = "Nunito-BoldItalic.ttf"; path = "../assets/fonts/Nunito-BoldItalic.ttf"; sourceTree = "<group>"; fileEncoding = undefined; lastKnownFileType = unknown; explicitFileType = undefined; includeInIndex = 0; };
		9FEA1ADB9C6B4A30A6555837 /* Nunito-ExtraBold.ttf */ = {isa = PBXFileReference; name = "Nunito-ExtraBold.ttf"; path = "../assets/fonts/Nunito-ExtraBold.ttf"; sourceTree = "<group>"; fileEncoding = undefined; lastKnownFileType = unknown; explicitFileType = undefined; includeInIndex = 0; };
		6CF8848255DA42189AF12EA6 /* Nunito-ExtraBoldItalic.ttf */ = {isa = PBXFileReference; name = "Nunito-ExtraBoldItalic.ttf"; path = "../assets/fonts/Nunito-ExtraBoldItalic.ttf"; sourceTree = "<group>"; fileEncoding = undefined; lastKnownFileType = unknown; explicitFileType = undefined; includeInIndex = 0; };
		12C11E69C9CE41B79C40E208 /* Nunito-ExtraLight.ttf */ = {isa = PBXFileReference; name = "Nunito-ExtraLight.ttf"; path = "../assets/fonts/Nunito-ExtraLight.ttf"; sourceTree = "<group>"; fileEncoding = undefined; lastKnownFileType = unknown; explicitFileType = undefined; includeInIndex = 0; };
		E33E65C41C1945E6A8E9D3E4 /* Nunito-ExtraLightItalic.ttf */ = {isa = PBXFileReference; name = "Nunito-ExtraLightItalic.ttf"; path = "../assets/fonts/Nunito-ExtraLightItalic.ttf"; sourceTree = "<group>"; fileEncoding = undefined; lastKnownFileType = unknown; explicitFileType = undefined; includeInIndex = 0; };
		FA47209060F9494BB6C097DF /* Nunito-Italic.ttf */ = {isa = PBXFileReference; name = "Nunito-Italic.ttf"; path = "../assets/fonts/Nunito-Italic.ttf"; sourceTree = "<group>"; fileEncoding = undefined; lastKnownFileType = unknown; explicitFileType = undefined; includeInIndex = 0; };
		CCCB136DAEF045C4AAFABD60 /* Nunito-Light.ttf */ = {isa = PBXFileReference; name = "Nunito-Light.ttf"; path = "../assets/fonts/Nunito-Light.ttf"; sourceTree = "<group>"; fileEncoding = undefined; lastKnownFileType = unknown; explicitFileType = undefined; includeInIndex = 0; };
		75781C6F5F60427FA7DDD6E6 /* Nunito-LightItalic.ttf */ = {isa = PBXFileReference; name = "Nunito-LightItalic.ttf"; path = "../assets/fonts/Nunito-LightItalic.ttf"; sourceTree = "<group>"; fileEncoding = undefined; lastKnownFileType = unknown; explicitFileType = undefined; includeInIndex = 0; };
		35BF85A6BDDB4ECBB4CE8901 /* Nunito-Medium.ttf */ = {isa = PBXFileReference; name = "Nunito-Medium.ttf"; path = "../assets/fonts/Nunito-Medium.ttf"; sourceTree = "<group>"; fileEncoding = undefined; lastKnownFileType = unknown; explicitFileType = undefined; includeInIndex = 0; };
		91EF5AD488794CCCBF69557A /* Nunito-MediumItalic.ttf */ = {isa = PBXFileReference; name = "Nunito-MediumItalic.ttf"; path = "../assets/fonts/Nunito-MediumItalic.ttf"; sourceTree = "<group>"; fileEncoding = undefined; lastKnownFileType = unknown; explicitFileType = undefined; includeInIndex = 0; };
		8F4AD6CEADE04D1D909E7E9B /* Nunito-Regular.ttf */ = {isa = PBXFileReference; name = "Nunito-Regular.ttf"; path = "../assets/fonts/Nunito-Regular.ttf"; sourceTree = "<group>"; fileEncoding = undefined; lastKnownFileType = unknown; explicitFileType = undefined; includeInIndex = 0; };
		E467678F8CD249199EC07F7E /* Nunito-SemiBold.ttf */ = {isa = PBXFileReference; name = "Nunito-SemiBold.ttf"; path = "../assets/fonts/Nunito-SemiBold.ttf"; sourceTree = "<group>"; fileEncoding = undefined; lastKnownFileType = unknown; explicitFileType = undefined; includeInIndex = 0; };
		8B1666EBC20A4D1D9F17BD44 /* Nunito-SemiBoldItalic.ttf */ = {isa = PBXFileReference; name = "Nunito-SemiBoldItalic.ttf"; path = "../assets/fonts/Nunito-SemiBoldItalic.ttf"; sourceTree = "<group>"; fileEncoding = undefined; lastKnownFileType = unknown; explicitFileType = undefined; includeInIndex = 0; };
		81058A5135BD4E2EA17BA8A6 /* Satoshi-Black.ttf */ = {isa = PBXFileReference; name = "Satoshi-Black.ttf"; path = "../assets/fonts/Satoshi-Black.ttf"; sourceTree = "<group>"; fileEncoding = undefined; lastKnownFileType = unknown; explicitFileType = undefined; includeInIndex = 0; };
		CF9DC5D8D9A34A9BB35F8FE5 /* Satoshi-BlackItalic.ttf */ = {isa = PBXFileReference; name = "Satoshi-BlackItalic.ttf"; path = "../assets/fonts/Satoshi-BlackItalic.ttf"; sourceTree = "<group>"; fileEncoding = undefined; lastKnownFileType = unknown; explicitFileType = undefined; includeInIndex = 0; };
		E5351832D4964E7E9A6B1A1D /* Satoshi-Bold.ttf */ = {isa = PBXFileReference; name = "Satoshi-Bold.ttf"; path = "../assets/fonts/Satoshi-Bold.ttf"; sourceTree = "<group>"; fileEncoding = undefined; lastKnownFileType = unknown; explicitFileType = undefined; includeInIndex = 0; };
		840ADAB162F8448986117AE4 /* Satoshi-BoldItalic.ttf */ = {isa = PBXFileReference; name = "Satoshi-BoldItalic.ttf"; path = "../assets/fonts/Satoshi-BoldItalic.ttf"; sourceTree = "<group>"; fileEncoding = undefined; lastKnownFileType = unknown; explicitFileType = undefined; includeInIndex = 0; };
		E63573A107CC4C6E967DA956 /* Satoshi-Italic.ttf */ = {isa = PBXFileReference; name = "Satoshi-Italic.ttf"; path = "../assets/fonts/Satoshi-Italic.ttf"; sourceTree = "<group>"; fileEncoding = undefined; lastKnownFileType = unknown; explicitFileType = undefined; includeInIndex = 0; };
		79F07E3026254C2FA02AF316 /* Satoshi-Light.ttf */ = {isa = PBXFileReference; name = "Satoshi-Light.ttf"; path = "../assets/fonts/Satoshi-Light.ttf"; sourceTree = "<group>"; fileEncoding = undefined; lastKnownFileType = unknown; explicitFileType = undefined; includeInIndex = 0; };
		0BADBCAEB9D64BA381ECB659 /* Satoshi-LightItalic.ttf */ = {isa = PBXFileReference; name = "Satoshi-LightItalic.ttf"; path = "../assets/fonts/Satoshi-LightItalic.ttf"; sourceTree = "<group>"; fileEncoding = undefined; lastKnownFileType = unknown; explicitFileType = undefined; includeInIndex = 0; };
		E1766DD3E9124FC990EB48DA /* Satoshi-Medium.ttf */ = {isa = PBXFileReference; name = "Satoshi-Medium.ttf"; path = "../assets/fonts/Satoshi-Medium.ttf"; sourceTree = "<group>"; fileEncoding = undefined; lastKnownFileType = unknown; explicitFileType = undefined; includeInIndex = 0; };
		D3BC284A5A3C4E45B76E4374 /* Satoshi-MediumItalic.ttf */ = {isa = PBXFileReference; name = "Satoshi-MediumItalic.ttf"; path = "../assets/fonts/Satoshi-MediumItalic.ttf"; sourceTree = "<group>"; fileEncoding = undefined; lastKnownFileType = unknown; explicitFileType = undefined; includeInIndex = 0; };
		1C535361325443E08517770F /* Satoshi-Regular.ttf */ = {isa = PBXFileReference; name = "Satoshi-Regular.ttf"; path = "../assets/fonts/Satoshi-Regular.ttf"; sourceTree = "<group>"; fileEncoding = undefined; lastKnownFileType = unknown; explicitFileType = undefined; includeInIndex = 0; };
		68D10C0D8630456698A9E647 /* Satoshi-Variable.ttf */ = {isa = PBXFileReference; name = "Satoshi-Variable.ttf"; path = "../assets/fonts/Satoshi-Variable.ttf"; sourceTree = "<group>"; fileEncoding = undefined; lastKnownFileType = unknown; explicitFileType = undefined; includeInIndex = 0; };
		CA18244E85F344A69F25F75C /* Satoshi-VariableItalic.ttf */ = {isa = PBXFileReference; name = "Satoshi-VariableItalic.ttf"; path = "../assets/fonts/Satoshi-VariableItalic.ttf"; sourceTree = "<group>"; fileEncoding = undefined; lastKnownFileType = unknown; explicitFileType = undefined; includeInIndex = 0; };
/* End PBXFileReference section */

/* Begin PBXFrameworksBuildPhase section */
		13B07F8C1A680F5B00A75B9A /* Frameworks */ = {
			isa = PBXFrameworksBuildPhase;
			buildActionMask = 2147483647;
			files = (
				0C80B921A6F3F58F76C31292 /* libPods-MiscueReading.a in Frameworks */,
			);
			runOnlyForDeploymentPostprocessing = 0;
		};
/* End PBXFrameworksBuildPhase section */

/* Begin PBXGroup section */
		13B07FAE1A68108700A75B9A /* MiscueReading */ = {
			isa = PBXGroup;
			children = (
				13B07FB51A68108700A75B9A /* Images.xcassets */,
				761780EC2CA45674006654EE /* AppDelegate.swift */,
				13B07FB61A68108700A75B9A /* Info.plist */,
				81AB9BB72411601600AC10FF /* LaunchScreen.storyboard */,
				13B07FB81A68108700A75B9A /* PrivacyInfo.xcprivacy */,
			);
			name = MiscueReading;
			sourceTree = "<group>";
		};
		2D16E6871FA4F8E400B85C8A /* Frameworks */ = {
			isa = PBXGroup;
			children = (
				ED297162215061F000B7C4FE /* JavaScriptCore.framework */,
				5DCACB8F33CDC322A6C60F78 /* libPods-MiscueReading.a */,
			);
			name = Frameworks;
			sourceTree = "<group>";
		};
		832341AE1AAA6A7D00B99B32 /* Libraries */ = {
			isa = PBXGroup;
			children = (
			);
			name = Libraries;
			sourceTree = "<group>";
		};
		83CBB9F61A601CBA00E9B192 = {
			isa = PBXGroup;
			children = (
				13B07FAE1A68108700A75B9A /* MiscueReading */,
				832341AE1AAA6A7D00B99B32 /* Libraries */,
				83CBBA001A601CBA00E9B192 /* Products */,
				2D16E6871FA4F8E400B85C8A /* Frameworks */,
				BBD78D7AC51CEA395F1C20DB /* Pods */,
				EA1C063EE2D848B0A91DA064 /* Resources */,
			);
			indentWidth = 2;
			sourceTree = "<group>";
			tabWidth = 2;
			usesTabs = 0;
		};
		83CBBA001A601CBA00E9B192 /* Products */ = {
			isa = PBXGroup;
			children = (
				13B07F961A680F5B00A75B9A /* MiscueReading.app */,
			);
			name = Products;
			sourceTree = "<group>";
		};
		BBD78D7AC51CEA395F1C20DB /* Pods */ = {
			isa = PBXGroup;
			children = (
				3B4392A12AC88292D35C810B /* Pods-MiscueReading.debug.xcconfig */,
				5709B34CF0A7D63546082F79 /* Pods-MiscueReading.release.xcconfig */,
			);
			path = Pods;
			sourceTree = "<group>";
		};
		EA1C063EE2D848B0A91DA064 /* Resources */ = {
			isa = "PBXGroup";
			children = (
				2859462A7B0643A4BD8500A4 /* sassoon-primary-std.otf */,
				294AABC67A494D4E9D48E415 /* Comfortaa-Bold.ttf */,
				D9C4FA5B80754A4C9C28156D /* Comfortaa-Light.ttf */,
				36190AE420914A2C98D34CA3 /* Comfortaa-Medium.ttf */,
				94950060D4AB442EB55C8C64 /* Comfortaa-Regular.ttf */,
				C3268FDDFA884C0D9AD5A381 /* Comfortaa-SemiBold.ttf */,
				65B67799646045C2A1432EE7 /* Comfortaa-VariableFont_wght.ttf */,
				A91739990DD04943997996D3 /* DynaPuff-Bold.ttf */,
				280157FFB2EA40B18D10EF0E /* DynaPuff-Medium.ttf */,
				3E526F9C7436496A9A73E69B /* DynaPuff-Regular.ttf */,
				8825E88F87AE4CDC942E7542 /* DynaPuff-SemiBold.ttf */,
				561CE56F4C164303A7830337 /* DynaPuff-VariableFont_wdth,wght.ttf */,
				78882739EA9949ED945A7F42 /* DynaPuff_Condensed-Bold.ttf */,
				F92005F2243E4B6C9BED9D10 /* DynaPuff_Condensed-Medium.ttf */,
				9AF7E0CABD5B41EBA1B865FB /* DynaPuff_Condensed-Regular.ttf */,
				C1BF4EECA31447608B1923FD /* DynaPuff_Condensed-SemiBold.ttf */,
				ED6B6AC7FC6B44F4ABF78C71 /* DynaPuff_SemiCondensed-Bold.ttf */,
				53E66097E66A42AFA18E88EA /* DynaPuff_SemiCondensed-Medium.ttf */,
				246149FA2E07493FB7C63A5F /* DynaPuff_SemiCondensed-Regular.ttf */,
				554FAA9F6E9E4CFDB5285538 /* DynaPuff_SemiCondensed-SemiBold.ttf */,
				B6C4D0B7783A4698A2D6514C /* Nunito-Black.ttf */,
				9A8C754AB05D4B768A1F034D /* Nunito-BlackItalic.ttf */,
				F6A9E95BB4DD46148E46431C /* Nunito-Bold.ttf */,
				719CA0D385B74989914BE96D /* Nunito-BoldItalic.ttf */,
				9FEA1ADB9C6B4A30A6555837 /* Nunito-ExtraBold.ttf */,
				6CF8848255DA42189AF12EA6 /* Nunito-ExtraBoldItalic.ttf */,
				12C11E69C9CE41B79C40E208 /* Nunito-ExtraLight.ttf */,
				E33E65C41C1945E6A8E9D3E4 /* Nunito-ExtraLightItalic.ttf */,
				FA47209060F9494BB6C097DF /* Nunito-Italic.ttf */,
				CCCB136DAEF045C4AAFABD60 /* Nunito-Light.ttf */,
				75781C6F5F60427FA7DDD6E6 /* Nunito-LightItalic.ttf */,
				35BF85A6BDDB4ECBB4CE8901 /* Nunito-Medium.ttf */,
				91EF5AD488794CCCBF69557A /* Nunito-MediumItalic.ttf */,
				8F4AD6CEADE04D1D909E7E9B /* Nunito-Regular.ttf */,
				E467678F8CD249199EC07F7E /* Nunito-SemiBold.ttf */,
				8B1666EBC20A4D1D9F17BD44 /* Nunito-SemiBoldItalic.ttf */,
				81058A5135BD4E2EA17BA8A6 /* Satoshi-Black.ttf */,
				CF9DC5D8D9A34A9BB35F8FE5 /* Satoshi-BlackItalic.ttf */,
				E5351832D4964E7E9A6B1A1D /* Satoshi-Bold.ttf */,
				840ADAB162F8448986117AE4 /* Satoshi-BoldItalic.ttf */,
				E63573A107CC4C6E967DA956 /* Satoshi-Italic.ttf */,
				79F07E3026254C2FA02AF316 /* Satoshi-Light.ttf */,
				0BADBCAEB9D64BA381ECB659 /* Satoshi-LightItalic.ttf */,
				E1766DD3E9124FC990EB48DA /* Satoshi-Medium.ttf */,
				D3BC284A5A3C4E45B76E4374 /* Satoshi-MediumItalic.ttf */,
				1C535361325443E08517770F /* Satoshi-Regular.ttf */,
				68D10C0D8630456698A9E647 /* Satoshi-Variable.ttf */,
				CA18244E85F344A69F25F75C /* Satoshi-VariableItalic.ttf */,
			);
			name = Resources;
			sourceTree = "<group>";
			path = "";
		};
/* End PBXGroup section */

/* Begin PBXNativeTarget section */
		13B07F861A680F5B00A75B9A /* MiscueReading */ = {
			isa = PBXNativeTarget;
			buildConfigurationList = 13B07F931A680F5B00A75B9A /* Build configuration list for PBXNativeTarget "MiscueReading" */;
			buildPhases = (
				C38B50BA6285516D6DCD4F65 /* [CP] Check Pods Manifest.lock */,
				13B07F871A680F5B00A75B9A /* Sources */,
				13B07F8C1A680F5B00A75B9A /* Frameworks */,
				13B07F8E1A680F5B00A75B9A /* Resources */,
				00DD1BFF1BD5951E006B06BC /* Bundle React Native code and images */,
				00EEFC60759A1932668264C0 /* [CP] Embed Pods Frameworks */,
				E235C05ADACE081382539298 /* [CP] Copy Pods Resources */,
			);
			buildRules = (
			);
			dependencies = (
			);
			name = MiscueReading;
			productName = MiscueReading;
			productReference = 13B07F961A680F5B00A75B9A /* MiscueReading.app */;
			productType = "com.apple.product-type.application";
		};
/* End PBXNativeTarget section */

/* Begin PBXProject section */
		83CBB9F71A601CBA00E9B192 /* Project object */ = {
			isa = PBXProject;
			attributes = {
				LastUpgradeCheck = 1210;
				TargetAttributes = {
					13B07F861A680F5B00A75B9A = {
						LastSwiftMigration = 1120;
					};
				};
			};
			buildConfigurationList = 83CBB9FA1A601CBA00E9B192 /* Build configuration list for PBXProject "MiscueReading" */;
			compatibilityVersion = "Xcode 12.0";
			developmentRegion = en;
			hasScannedForEncodings = 0;
			knownRegions = (
				en,
				Base,
			);
			mainGroup = 83CBB9F61A601CBA00E9B192;
			productRefGroup = 83CBBA001A601CBA00E9B192 /* Products */;
			projectDirPath = "";
			projectRoot = "";
			targets = (
				13B07F861A680F5B00A75B9A /* MiscueReading */,
			);
		};
/* End PBXProject section */

/* Begin PBXResourcesBuildPhase section */
		13B07F8E1A680F5B00A75B9A /* Resources */ = {
			isa = PBXResourcesBuildPhase;
			buildActionMask = 2147483647;
			files = (
				81AB9BB82411601600AC10FF /* LaunchScreen.storyboard in Resources */,
				13B07FBF1A68108700A75B9A /* Images.xcassets in Resources */,
				5B906382BB1E42DFA08DAA13 /* sassoon-primary-std.otf in Resources */,
				0F0FB9527677488181F88BE7 /* Comfortaa-Bold.ttf in Resources */,
				3065CDA7FD034C15B3079DB3 /* Comfortaa-Light.ttf in Resources */,
				8FF51B19B101420D92204E96 /* Comfortaa-Medium.ttf in Resources */,
				6D19CB07B00C4DA2A58A64B3 /* Comfortaa-Regular.ttf in Resources */,
				6E1FD8DE95E84D579C116530 /* Comfortaa-SemiBold.ttf in Resources */,
				6E9EFD43D3774078938BC6A5 /* Comfortaa-VariableFont_wght.ttf in Resources */,
				B3ED1AD048B9483F9CE83BD9 /* DynaPuff-Bold.ttf in Resources */,
				9677F4B141C64F4A8DDED709 /* DynaPuff-Medium.ttf in Resources */,
				039E3397F7BC4750B67F9E57 /* DynaPuff-Regular.ttf in Resources */,
				E26EFC4AC26B481D8BABF7E4 /* DynaPuff-SemiBold.ttf in Resources */,
				46488A1BA86B4CB3BC91E66E /* DynaPuff-VariableFont_wdth,wght.ttf in Resources */,
				FA4B25EAE49140D493B1E011 /* DynaPuff_Condensed-Bold.ttf in Resources */,
				72B34619BF4541A1BDEB19C5 /* DynaPuff_Condensed-Medium.ttf in Resources */,
				BDC649E8E31D418590E7990B /* DynaPuff_Condensed-Regular.ttf in Resources */,
				3A2BC70D7B9C4E39B0400BBA /* DynaPuff_Condensed-SemiBold.ttf in Resources */,
				79BE15988455428C873D00CF /* DynaPuff_SemiCondensed-Bold.ttf in Resources */,
				57C5E908038F449F8836A741 /* DynaPuff_SemiCondensed-Medium.ttf in Resources */,
				B9F1D0D0FC224CD5B18B490C /* DynaPuff_SemiCondensed-Regular.ttf in Resources */,
				4A0768B9B299439BA6459062 /* DynaPuff_SemiCondensed-SemiBold.ttf in Resources */,
				2885FAD645E0478E88705688 /* Nunito-Black.ttf in Resources */,
				B870FE01CA214B28B5E96DB6 /* Nunito-BlackItalic.ttf in Resources */,
				A593D9D283E2446CB8C89106 /* Nunito-Bold.ttf in Resources */,
				20B09B84C1374AECA6237F8C /* Nunito-BoldItalic.ttf in Resources */,
				7A1D2F9CA3CB49F191131A3F /* Nunito-ExtraBold.ttf in Resources */,
				6610513AABEB466FB3A80046 /* Nunito-ExtraBoldItalic.ttf in Resources */,
				7215630A5EFB4253A550E8B5 /* Nunito-ExtraLight.ttf in Resources */,
				F39C02D00C3F406E9E061066 /* Nunito-ExtraLightItalic.ttf in Resources */,
				E4269DC3454C449FA60C69E5 /* Nunito-Italic.ttf in Resources */,
				BA228726D7ED44989196AE8D /* Nunito-Light.ttf in Resources */,
				3164FA3AD2754E5B82654EB4 /* Nunito-LightItalic.ttf in Resources */,
				7451361A30FA4977B351086F /* Nunito-Medium.ttf in Resources */,
				F96DAFABECEE4B73BEE27615 /* Nunito-MediumItalic.ttf in Resources */,
				82A76D0983B1480D9790021F /* Nunito-Regular.ttf in Resources */,
				8CD8050EAB0A46FC8EA15E92 /* Nunito-SemiBold.ttf in Resources */,
				74540D6B69C04BA9AA456D4A /* Nunito-SemiBoldItalic.ttf in Resources */,
				D04A0E28AF1A45849C1EAA10 /* Satoshi-Black.ttf in Resources */,
				C44689D240D945F0BA39DA6A /* Satoshi-BlackItalic.ttf in Resources */,
				957B9BAF9B604574A246A165 /* Satoshi-Bold.ttf in Resources */,
				CEADEE2D043842AAB9D6D6BE /* Satoshi-BoldItalic.ttf in Resources */,
				C149FF3F37DF4075B3C5A685 /* Satoshi-Italic.ttf in Resources */,
				B6C5C237B89F4CB39EA25300 /* Satoshi-Light.ttf in Resources */,
				137E7C643F8C48AFBA58E56E /* Satoshi-LightItalic.ttf in Resources */,
				91132CA1273A42B8A9A55359 /* Satoshi-Medium.ttf in Resources */,
				F01AA7044DA04327A709EBCC /* Satoshi-MediumItalic.ttf in Resources */,
				1B02B40DF4EB4FEBBC1BF911 /* Satoshi-Regular.ttf in Resources */,
				613640B8A31443B3949D1096 /* Satoshi-Variable.ttf in Resources */,
				061FC25453B3462DADDC4B79 /* Satoshi-VariableItalic.ttf in Resources */,
			);
			runOnlyForDeploymentPostprocessing = 0;
		};
/* End PBXResourcesBuildPhase section */

/* Begin PBXShellScriptBuildPhase section */
		00DD1BFF1BD5951E006B06BC /* Bundle React Native code and images */ = {
			isa = PBXShellScriptBuildPhase;
			buildActionMask = 2147483647;
			files = (
			);
			inputPaths = (
				"$(SRCROOT)/.xcode.env.local",
				"$(SRCROOT)/.xcode.env",
			);
			name = "Bundle React Native code and images";
			outputPaths = (
			);
			runOnlyForDeploymentPostprocessing = 0;
			shellPath = /bin/sh;
			shellScript = "set -e\n\nWITH_ENVIRONMENT=\"$REACT_NATIVE_PATH/scripts/xcode/with-environment.sh\"\nREACT_NATIVE_XCODE=\"$REACT_NATIVE_PATH/scripts/react-native-xcode.sh\"\n\n/bin/sh -c \"$WITH_ENVIRONMENT $REACT_NATIVE_XCODE\"\n";
		};
		00EEFC60759A1932668264C0 /* [CP] Embed Pods Frameworks */ = {
			isa = PBXShellScriptBuildPhase;
			buildActionMask = 2147483647;
			files = (
			);
			inputFileListPaths = (
				"${PODS_ROOT}/Target Support Files/Pods-MiscueReading/Pods-MiscueReading-frameworks-${CONFIGURATION}-input-files.xcfilelist",
			);
			name = "[CP] Embed Pods Frameworks";
			outputFileListPaths = (
				"${PODS_ROOT}/Target Support Files/Pods-MiscueReading/Pods-MiscueReading-frameworks-${CONFIGURATION}-output-files.xcfilelist",
			);
			runOnlyForDeploymentPostprocessing = 0;
			shellPath = /bin/sh;
			shellScript = "\"${PODS_ROOT}/Target Support Files/Pods-MiscueReading/Pods-MiscueReading-frameworks.sh\"\n";
			showEnvVarsInLog = 0;
		};
		C38B50BA6285516D6DCD4F65 /* [CP] Check Pods Manifest.lock */ = {
			isa = PBXShellScriptBuildPhase;
			buildActionMask = 2147483647;
			files = (
			);
			inputFileListPaths = (
			);
			inputPaths = (
				"${PODS_PODFILE_DIR_PATH}/Podfile.lock",
				"${PODS_ROOT}/Manifest.lock",
			);
			name = "[CP] Check Pods Manifest.lock";
			outputFileListPaths = (
			);
			outputPaths = (
				"$(DERIVED_FILE_DIR)/Pods-MiscueReading-checkManifestLockResult.txt",
			);
			runOnlyForDeploymentPostprocessing = 0;
			shellPath = /bin/sh;
			shellScript = "diff \"${PODS_PODFILE_DIR_PATH}/Podfile.lock\" \"${PODS_ROOT}/Manifest.lock\" > /dev/null\nif [ $? != 0 ] ; then\n    # print error to STDERR\n    echo \"error: The sandbox is not in sync with the Podfile.lock. Run 'pod install' or update your CocoaPods installation.\" >&2\n    exit 1\nfi\n# This output is used by Xcode 'outputs' to avoid re-running this script phase.\necho \"SUCCESS\" > \"${SCRIPT_OUTPUT_FILE_0}\"\n";
			showEnvVarsInLog = 0;
		};
		E235C05ADACE081382539298 /* [CP] Copy Pods Resources */ = {
			isa = PBXShellScriptBuildPhase;
			buildActionMask = 2147483647;
			files = (
			);
			inputFileListPaths = (
				"${PODS_ROOT}/Target Support Files/Pods-MiscueReading/Pods-MiscueReading-resources-${CONFIGURATION}-input-files.xcfilelist",
			);
			name = "[CP] Copy Pods Resources";
			outputFileListPaths = (
				"${PODS_ROOT}/Target Support Files/Pods-MiscueReading/Pods-MiscueReading-resources-${CONFIGURATION}-output-files.xcfilelist",
			);
			runOnlyForDeploymentPostprocessing = 0;
			shellPath = /bin/sh;
			shellScript = "\"${PODS_ROOT}/Target Support Files/Pods-MiscueReading/Pods-MiscueReading-resources.sh\"\n";
			showEnvVarsInLog = 0;
		};
/* End PBXShellScriptBuildPhase section */

/* Begin PBXSourcesBuildPhase section */
		13B07F871A680F5B00A75B9A /* Sources */ = {
			isa = PBXSourcesBuildPhase;
			buildActionMask = 2147483647;
			files = (
				761780ED2CA45674006654EE /* AppDelegate.swift in Sources */,
			);
			runOnlyForDeploymentPostprocessing = 0;
		};
/* End PBXSourcesBuildPhase section */

/* Begin XCBuildConfiguration section */
		13B07F941A680F5B00A75B9A /* Debug */ = {
			isa = XCBuildConfiguration;
			baseConfigurationReference = 3B4392A12AC88292D35C810B /* Pods-MiscueReading.debug.xcconfig */;
			buildSettings = {
				ASSETCATALOG_COMPILER_APPICON_NAME = AppIcon;
				CLANG_ENABLE_MODULES = YES;
				CURRENT_PROJECT_VERSION = 1;
				ENABLE_BITCODE = NO;
				INFOPLIST_FILE = MiscueReading/Info.plist;
				IPHONEOS_DEPLOYMENT_TARGET = 15.1;
				LD_RUNPATH_SEARCH_PATHS = (
					"$(inherited)",
					"@executable_path/Frameworks",
				);
				MARKETING_VERSION = 1.0;
				OTHER_LDFLAGS = (
					"$(inherited)",
					"-ObjC",
					"-lc++",
				);
				PRODUCT_BUNDLE_IDENTIFIER = "org.reactjs.native.example.$(PRODUCT_NAME:rfc1034identifier)";
				PRODUCT_NAME = MiscueReading;
				SWIFT_OPTIMIZATION_LEVEL = "-Onone";
				SWIFT_VERSION = 5.0;
				VERSIONING_SYSTEM = "apple-generic";
			};
			name = Debug;
		};
		13B07F951A680F5B00A75B9A /* Release */ = {
			isa = XCBuildConfiguration;
			baseConfigurationReference = 5709B34CF0A7D63546082F79 /* Pods-MiscueReading.release.xcconfig */;
			buildSettings = {
				ASSETCATALOG_COMPILER_APPICON_NAME = AppIcon;
				CLANG_ENABLE_MODULES = YES;
				CURRENT_PROJECT_VERSION = 1;
				INFOPLIST_FILE = MiscueReading/Info.plist;
				IPHONEOS_DEPLOYMENT_TARGET = 15.1;
				LD_RUNPATH_SEARCH_PATHS = (
					"$(inherited)",
					"@executable_path/Frameworks",
				);
				MARKETING_VERSION = 1.0;
				OTHER_LDFLAGS = (
					"$(inherited)",
					"-ObjC",
					"-lc++",
				);
				PRODUCT_BUNDLE_IDENTIFIER = "org.reactjs.native.example.$(PRODUCT_NAME:rfc1034identifier)";
				PRODUCT_NAME = MiscueReading;
				SWIFT_VERSION = 5.0;
				VERSIONING_SYSTEM = "apple-generic";
			};
			name = Release;
		};
		83CBBA201A601CBA00E9B192 /* Debug */ = {
			isa = XCBuildConfiguration;
			buildSettings = {
				ALWAYS_SEARCH_USER_PATHS = NO;
				CLANG_ANALYZER_LOCALIZABILITY_NONLOCALIZED = YES;
				CLANG_CXX_LANGUAGE_STANDARD = "c++20";
				CLANG_CXX_LIBRARY = "libc++";
				CLANG_ENABLE_MODULES = YES;
				CLANG_ENABLE_OBJC_ARC = YES;
				CLANG_WARN_BLOCK_CAPTURE_AUTORELEASING = YES;
				CLANG_WARN_BOOL_CONVERSION = YES;
				CLANG_WARN_COMMA = YES;
				CLANG_WARN_CONSTANT_CONVERSION = YES;
				CLANG_WARN_DEPRECATED_OBJC_IMPLEMENTATIONS = YES;
				CLANG_WARN_DIRECT_OBJC_ISA_USAGE = YES_ERROR;
				CLANG_WARN_EMPTY_BODY = YES;
				CLANG_WARN_ENUM_CONVERSION = YES;
				CLANG_WARN_INFINITE_RECURSION = YES;
				CLANG_WARN_INT_CONVERSION = YES;
				CLANG_WARN_NON_LITERAL_NULL_CONVERSION = YES;
				CLANG_WARN_OBJC_IMPLICIT_RETAIN_SELF = YES;
				CLANG_WARN_OBJC_LITERAL_CONVERSION = YES;
				CLANG_WARN_OBJC_ROOT_CLASS = YES_ERROR;
				CLANG_WARN_QUOTED_INCLUDE_IN_FRAMEWORK_HEADER = YES;
				CLANG_WARN_RANGE_LOOP_ANALYSIS = YES;
				CLANG_WARN_STRICT_PROTOTYPES = YES;
				CLANG_WARN_SUSPICIOUS_MOVE = YES;
				CLANG_WARN_UNREACHABLE_CODE = YES;
				CLANG_WARN__DUPLICATE_METHOD_MATCH = YES;
				"CODE_SIGN_IDENTITY[sdk=iphoneos*]" = "iPhone Developer";
				COPY_PHASE_STRIP = NO;
				ENABLE_STRICT_OBJC_MSGSEND = YES;
				ENABLE_TESTABILITY = YES;
				"EXCLUDED_ARCHS[sdk=iphonesimulator*]" = "";
				GCC_C_LANGUAGE_STANDARD = gnu99;
				GCC_DYNAMIC_NO_PIC = NO;
				GCC_NO_COMMON_BLOCKS = YES;
				GCC_OPTIMIZATION_LEVEL = 0;
				GCC_PREPROCESSOR_DEFINITIONS = (
					"DEBUG=1",
					"$(inherited)",
				);
				GCC_SYMBOLS_PRIVATE_EXTERN = NO;
				GCC_WARN_64_TO_32_BIT_CONVERSION = YES;
				GCC_WARN_ABOUT_RETURN_TYPE = YES_ERROR;
				GCC_WARN_UNDECLARED_SELECTOR = YES;
				GCC_WARN_UNINITIALIZED_AUTOS = YES_AGGRESSIVE;
				GCC_WARN_UNUSED_FUNCTION = YES;
				GCC_WARN_UNUSED_VARIABLE = YES;
				IPHONEOS_DEPLOYMENT_TARGET = 15.1;
				LD_RUNPATH_SEARCH_PATHS = (
					/usr/lib/swift,
					"$(inherited)",
				);
				LIBRARY_SEARCH_PATHS = (
					"\"$(SDKROOT)/usr/lib/swift\"",
					"\"$(TOOLCHAIN_DIR)/usr/lib/swift/$(PLATFORM_NAME)\"",
					"\"$(inherited)\"",
				);
				MTL_ENABLE_DEBUG_INFO = YES;
				ONLY_ACTIVE_ARCH = YES;
				OTHER_CPLUSPLUSFLAGS = (
					"$(OTHER_CFLAGS)",
					"-DFOLLY_NO_CONFIG",
					"-DFOLLY_MOBILE=1",
					"-DFOLLY_USE_LIBCPP=1",
					"-DFOLLY_CFG_NO_COROUTINES=1",
					"-DFOLLY_HAVE_CLOCK_GETTIME=1",
				);
				SDKROOT = iphoneos;
			};
			name = Debug;
		};
		83CBBA211A601CBA00E9B192 /* Release */ = {
			isa = XCBuildConfiguration;
			buildSettings = {
				ALWAYS_SEARCH_USER_PATHS = NO;
				CLANG_ANALYZER_LOCALIZABILITY_NONLOCALIZED = YES;
				CLANG_CXX_LANGUAGE_STANDARD = "c++20";
				CLANG_CXX_LIBRARY = "libc++";
				CLANG_ENABLE_MODULES = YES;
				CLANG_ENABLE_OBJC_ARC = YES;
				CLANG_WARN_BLOCK_CAPTURE_AUTORELEASING = YES;
				CLANG_WARN_BOOL_CONVERSION = YES;
				CLANG_WARN_COMMA = YES;
				CLANG_WARN_CONSTANT_CONVERSION = YES;
				CLANG_WARN_DEPRECATED_OBJC_IMPLEMENTATIONS = YES;
				CLANG_WARN_DIRECT_OBJC_ISA_USAGE = YES_ERROR;
				CLANG_WARN_EMPTY_BODY = YES;
				CLANG_WARN_ENUM_CONVERSION = YES;
				CLANG_WARN_INFINITE_RECURSION = YES;
				CLANG_WARN_INT_CONVERSION = YES;
				CLANG_WARN_NON_LITERAL_NULL_CONVERSION = YES;
				CLANG_WARN_OBJC_IMPLICIT_RETAIN_SELF = YES;
				CLANG_WARN_OBJC_LITERAL_CONVERSION = YES;
				CLANG_WARN_OBJC_ROOT_CLASS = YES_ERROR;
				CLANG_WARN_QUOTED_INCLUDE_IN_FRAMEWORK_HEADER = YES;
				CLANG_WARN_RANGE_LOOP_ANALYSIS = YES;
				CLANG_WARN_STRICT_PROTOTYPES = YES;
				CLANG_WARN_SUSPICIOUS_MOVE = YES;
				CLANG_WARN_UNREACHABLE_CODE = YES;
				CLANG_WARN__DUPLICATE_METHOD_MATCH = YES;
				"CODE_SIGN_IDENTITY[sdk=iphoneos*]" = "iPhone Developer";
				COPY_PHASE_STRIP = YES;
				ENABLE_NS_ASSERTIONS = NO;
				ENABLE_STRICT_OBJC_MSGSEND = YES;
				"EXCLUDED_ARCHS[sdk=iphonesimulator*]" = "";
				GCC_C_LANGUAGE_STANDARD = gnu99;
				GCC_NO_COMMON_BLOCKS = YES;
				GCC_WARN_64_TO_32_BIT_CONVERSION = YES;
				GCC_WARN_ABOUT_RETURN_TYPE = YES_ERROR;
				GCC_WARN_UNDECLARED_SELECTOR = YES;
				GCC_WARN_UNINITIALIZED_AUTOS = YES_AGGRESSIVE;
				GCC_WARN_UNUSED_FUNCTION = YES;
				GCC_WARN_UNUSED_VARIABLE = YES;
				IPHONEOS_DEPLOYMENT_TARGET = 15.1;
				LD_RUNPATH_SEARCH_PATHS = (
					/usr/lib/swift,
					"$(inherited)",
				);
				LIBRARY_SEARCH_PATHS = (
					"\"$(SDKROOT)/usr/lib/swift\"",
					"\"$(TOOLCHAIN_DIR)/usr/lib/swift/$(PLATFORM_NAME)\"",
					"\"$(inherited)\"",
				);
				MTL_ENABLE_DEBUG_INFO = NO;
				OTHER_CPLUSPLUSFLAGS = (
					"$(OTHER_CFLAGS)",
					"-DFOLLY_NO_CONFIG",
					"-DFOLLY_MOBILE=1",
					"-DFOLLY_USE_LIBCPP=1",
					"-DFOLLY_CFG_NO_COROUTINES=1",
					"-DFOLLY_HAVE_CLOCK_GETTIME=1",
				);
				SDKROOT = iphoneos;
				VALIDATE_PRODUCT = YES;
			};
			name = Release;
		};
/* End XCBuildConfiguration section */

/* Begin XCConfigurationList section */
		13B07F931A680F5B00A75B9A /* Build configuration list for PBXNativeTarget "MiscueReading" */ = {
			isa = XCConfigurationList;
			buildConfigurations = (
				13B07F941A680F5B00A75B9A /* Debug */,
				13B07F951A680F5B00A75B9A /* Release */,
			);
			defaultConfigurationIsVisible = 0;
			defaultConfigurationName = Release;
		};
		83CBB9FA1A601CBA00E9B192 /* Build configuration list for PBXProject "MiscueReading" */ = {
			isa = XCConfigurationList;
			buildConfigurations = (
				83CBBA201A601CBA00E9B192 /* Debug */,
				83CBBA211A601CBA00E9B192 /* Release */,
			);
			defaultConfigurationIsVisible = 0;
			defaultConfigurationName = Release;
		};
/* End XCConfigurationList section */
	};
	rootObject = 83CBB9F71A601CBA00E9B192 /* Project object */;
}
