// !$*UTF8*$!
{
	archiveVersion = 1;
	classes = {
	};
	objectVersion = 54;
	objects = {

/* Begin PBXBuildFile section */
		0C80B921A6F3F58F76C31292 /* libPods-MiscueReading.a in Frameworks */ = {isa = PBXBuildFile; fileRef = 5DCACB8F33CDC322A6C60F78 /* libPods-MiscueReading.a */; };
		13B07FBF1A68108700A75B9A /* Images.xcassets in Resources */ = {isa = PBXBuildFile; fileRef = 13B07FB51A68108700A75B9A /* Images.xcassets */; };
		761780ED2CA45674006654EE /* AppDelegate.swift in Sources */ = {isa = PBXBuildFile; fileRef = 761780EC2CA45674006654EE /* AppDelegate.swift */; };
		81AB9BB82411601600AC10FF /* LaunchScreen.storyboard in Resources */ = {isa = PBXBuildFile; fileRef = 81AB9BB72411601600AC10FF /* LaunchScreen.storyboard */; };
		5DEE2B68366A47A89E182CBC /* sassoon-primary-std.otf in Resources */ = {isa = PBXBuildFile; fileRef = 13FD9A6DEFEC41C6A3A6F699 /* sassoon-primary-std.otf */; };
		637510337AEC4E2D9DB144A8 /* Talina.otf in Resources */ = {isa = PBXBuildFile; fileRef = 0C749EFEA2E740619F52D192 /* Talina.otf */; };
		9020621D6504447BB69E34FF /* ABeeZee-Italic.ttf in Resources */ = {isa = PBXBuildFile; fileRef = D6D8D615B1584A4291E8D927 /* ABeeZee-Italic.ttf */; };
		A426CE57112D4D1BAF933D7D /* ABeeZee-Regular.ttf in Resources */ = {isa = PBXBuildFile; fileRef = 2B58FDB6A161492B967F67DA /* ABeeZee-Regular.ttf */; };
		77E3A8C923E44592A1634FF0 /* Andika-Bold.ttf in Resources */ = {isa = PBXBuildFile; fileRef = FA31DAC0458D47288BF83BBC /* Andika-Bold.ttf */; };
		CC2FB8F7FBE145B393CE21A4 /* Andika-BoldItalic.ttf in Resources */ = {isa = PBXBuildFile; fileRef = 51552B0AF32748AA9919503F /* Andika-BoldItalic.ttf */; };
		4C0747AABC504EBFBBA97180 /* Andika-Italic.ttf in Resources */ = {isa = PBXBuildFile; fileRef = 6745E78652C44BD3BBB9D4FD /* Andika-Italic.ttf */; };
		D69118AA929643E1AB437B1A /* Andika-Regular.ttf in Resources */ = {isa = PBXBuildFile; fileRef = FCEC9AA5D21348CDA5ECCAD4 /* Andika-Regular.ttf */; };
		CFB3B464A73F4D789FA280F8 /* Comfortaa-Bold.ttf in Resources */ = {isa = PBXBuildFile; fileRef = 135DE67D81584BD8A3324B86 /* Comfortaa-Bold.ttf */; };
		4C5622BE95F44782B7D27D4F /* Comfortaa-Light.ttf in Resources */ = {isa = PBXBuildFile; fileRef = 7BFB8B6AE38D493CBCBF0A10 /* Comfortaa-Light.ttf */; };
		E779F496B4BF4AFEB9D0B9F1 /* Comfortaa-Medium.ttf in Resources */ = {isa = PBXBuildFile; fileRef = 79E4FFC77593420E869B4F25 /* Comfortaa-Medium.ttf */; };
		6451ED7D5E66427A932A54FE /* Comfortaa-Regular.ttf in Resources */ = {isa = PBXBuildFile; fileRef = A88086D2E4804842B8169B60 /* Comfortaa-Regular.ttf */; };
		9A9A27454A764C4C8C5EDCAF /* Comfortaa-SemiBold.ttf in Resources */ = {isa = PBXBuildFile; fileRef = 5E228C5DDC29487CBC58EBCA /* Comfortaa-SemiBold.ttf */; };
		D0CE0F1167FF48C6A7FA7BD7 /* Comfortaa-VariableFont_wght.ttf in Resources */ = {isa = PBXBuildFile; fileRef = 2080D89C8DDD4C299D73FC68 /* Comfortaa-VariableFont_wght.ttf */; };
		114217E20437475D83B0A568 /* Mochibop.ttf in Resources */ = {isa = PBXBuildFile; fileRef = 13E1914446FC4E6EBA7A5080 /* Mochibop.ttf */; };
		1EB2296A6A774CD2A5FA9274 /* MochibopBold.ttf in Resources */ = {isa = PBXBuildFile; fileRef = 49A69AD0F3D643A99EF74DDF /* MochibopBold.ttf */; };
		FACBF5D1F9264FED9F64B6A0 /* Nunito-Black.ttf in Resources */ = {isa = PBXBuildFile; fileRef = 49E4D405DD7443BEA626CF44 /* Nunito-Black.ttf */; };
		F3DBC7988012468A86AEE937 /* Nunito-BlackItalic.ttf in Resources */ = {isa = PBXBuildFile; fileRef = 711C53F44A5C414184DCEA29 /* Nunito-BlackItalic.ttf */; };
		80E30F649D0842ADBA277DFE /* Nunito-Bold.ttf in Resources */ = {isa = PBXBuildFile; fileRef = 992964358BEB4D4D84B1BE7C /* Nunito-Bold.ttf */; };
		1FE09191583A4169B75040BD /* Nunito-BoldItalic.ttf in Resources */ = {isa = PBXBuildFile; fileRef = C7981CAA3B0B42F7891829C1 /* Nunito-BoldItalic.ttf */; };
		CCC3C67E99F84525A4B062D2 /* Nunito-ExtraBold.ttf in Resources */ = {isa = PBXBuildFile; fileRef = 50680A01750A4A69AF71FAD6 /* Nunito-ExtraBold.ttf */; };
		2A50142D4D7D452492574CDA /* Nunito-ExtraBoldItalic.ttf in Resources */ = {isa = PBXBuildFile; fileRef = 61E9CAB6CD214B538D8E77B9 /* Nunito-ExtraBoldItalic.ttf */; };
		F1C686AA9FAA45F08FE0A8D3 /* Nunito-ExtraLight.ttf in Resources */ = {isa = PBXBuildFile; fileRef = C48ABF6C0D6444848B299470 /* Nunito-ExtraLight.ttf */; };
		D67F562692C34C569EB2F07F /* Nunito-ExtraLightItalic.ttf in Resources */ = {isa = PBXBuildFile; fileRef = A8F402822FE343F78D95EF62 /* Nunito-ExtraLightItalic.ttf */; };
		BECD5B3899F04008A2067C88 /* Nunito-Italic.ttf in Resources */ = {isa = PBXBuildFile; fileRef = 3500FFDBB9E245C193D7DBC3 /* Nunito-Italic.ttf */; };
		E55293C3267441D5B3C96135 /* Nunito-Light.ttf in Resources */ = {isa = PBXBuildFile; fileRef = B8914B63C8CA4961995E2806 /* Nunito-Light.ttf */; };
		E863F6376AB745A49ABFC490 /* Nunito-LightItalic.ttf in Resources */ = {isa = PBXBuildFile; fileRef = 414C23E541B84C9D92FEEE4F /* Nunito-LightItalic.ttf */; };
		9779EF7BE1C64DAB9E2DFED7 /* Nunito-Medium.ttf in Resources */ = {isa = PBXBuildFile; fileRef = 44457B4756534FAD8929A190 /* Nunito-Medium.ttf */; };
		8FE08D6CA62D495B971A7A33 /* Nunito-MediumItalic.ttf in Resources */ = {isa = PBXBuildFile; fileRef = F89F4E2C2D9D4ADAB87C4DED /* Nunito-MediumItalic.ttf */; };
		BEA8887B445A473686C3696B /* Nunito-Regular.ttf in Resources */ = {isa = PBXBuildFile; fileRef = AD6F3AE3595A45148AADA5CB /* Nunito-Regular.ttf */; };
		E5EB244BB4BF4C7E942B44EC /* Nunito-SemiBold.ttf in Resources */ = {isa = PBXBuildFile; fileRef = A1FC6F2C544C4D62AD0EFE4C /* Nunito-SemiBold.ttf */; };
		BA995CC0AD894E9080310CBF /* Nunito-SemiBoldItalic.ttf in Resources */ = {isa = PBXBuildFile; fileRef = B727C348E3BB4F2885B7B304 /* Nunito-SemiBoldItalic.ttf */; };
		4FB37AD3D4DE441B9AE94F9F /* Nunito-VariableFont_wght.ttf in Resources */ = {isa = PBXBuildFile; fileRef = 66BD1DF2B17347E0BAEDD510 /* Nunito-VariableFont_wght.ttf */; };
		793A516BAB804AD1A17C2929 /* Satoshi-Black.ttf in Resources */ = {isa = PBXBuildFile; fileRef = 51E42A8F15C3471B94634665 /* Satoshi-Black.ttf */; };
		A9D683049FF84ADEBBA71B45 /* Satoshi-BlackItalic.ttf in Resources */ = {isa = PBXBuildFile; fileRef = 7170ED1CDA234F61A3FA10A9 /* Satoshi-BlackItalic.ttf */; };
		078D307F20734143A88651EA /* Satoshi-Bold.ttf in Resources */ = {isa = PBXBuildFile; fileRef = 304990103DD844358A8630FB /* Satoshi-Bold.ttf */; };
		D9BA4DA2538443DB8B02E5E9 /* Satoshi-BoldItalic.ttf in Resources */ = {isa = PBXBuildFile; fileRef = 460983584D3A4F819FBFC4AF /* Satoshi-BoldItalic.ttf */; };
		E7BB0783C0514A7AA0D31F4C /* Satoshi-Italic.ttf in Resources */ = {isa = PBXBuildFile; fileRef = E26240825EA1435490C2ADFF /* Satoshi-Italic.ttf */; };
		1D847C0BEAEA486A8C9057CE /* Satoshi-Light.ttf in Resources */ = {isa = PBXBuildFile; fileRef = 68AC3BAFD69C42B99D5AA641 /* Satoshi-Light.ttf */; };
		9B7C9197BE0248598F7643B6 /* Satoshi-LightItalic.ttf in Resources */ = {isa = PBXBuildFile; fileRef = 35BA4694291049D48B0C28A8 /* Satoshi-LightItalic.ttf */; };
		36505A46E0EF4EBA991FE7BE /* Satoshi-Medium.ttf in Resources */ = {isa = PBXBuildFile; fileRef = FDBE804FCE1B44FFA2D3E56A /* Satoshi-Medium.ttf */; };
		3AD296D5C514418B95DB2203 /* Satoshi-MediumItalic.ttf in Resources */ = {isa = PBXBuildFile; fileRef = 8EF55D4F73614E5DBA4B7E70 /* Satoshi-MediumItalic.ttf */; };
		9516571571B743F4BAA40BD0 /* Satoshi-Regular.ttf in Resources */ = {isa = PBXBuildFile; fileRef = 14B6C21F7B1A410B9E818867 /* Satoshi-Regular.ttf */; };
		4296805D3A1D417FA70B2793 /* Satoshi-Variable.ttf in Resources */ = {isa = PBXBuildFile; fileRef = 645A255347FE4B0C9E2BF2AA /* Satoshi-Variable.ttf */; };
		FF88F72774D7410F97732599 /* Satoshi-VariableItalic.ttf in Resources */ = {isa = PBXBuildFile; fileRef = C3FE3419729142F6ABF33F8F /* Satoshi-VariableItalic.ttf */; };
/* End PBXBuildFile section */

/* Begin PBXFileReference section */
		13B07F961A680F5B00A75B9A /* MiscueReading.app */ = {isa = PBXFileReference; explicitFileType = wrapper.application; includeInIndex = 0; path = MiscueReading.app; sourceTree = BUILT_PRODUCTS_DIR; };
		13B07FB51A68108700A75B9A /* Images.xcassets */ = {isa = PBXFileReference; lastKnownFileType = folder.assetcatalog; name = Images.xcassets; path = MiscueReading/Images.xcassets; sourceTree = "<group>"; };
		13B07FB61A68108700A75B9A /* Info.plist */ = {isa = PBXFileReference; fileEncoding = 4; lastKnownFileType = text.plist.xml; name = Info.plist; path = MiscueReading/Info.plist; sourceTree = "<group>"; };
		13B07FB81A68108700A75B9A /* PrivacyInfo.xcprivacy */ = {isa = PBXFileReference; fileEncoding = 4; lastKnownFileType = text.plist.xml; name = PrivacyInfo.xcprivacy; path = MiscueReading/PrivacyInfo.xcprivacy; sourceTree = "<group>"; };
		3B4392A12AC88292D35C810B /* Pods-MiscueReading.debug.xcconfig */ = {isa = PBXFileReference; includeInIndex = 1; lastKnownFileType = text.xcconfig; name = "Pods-MiscueReading.debug.xcconfig"; path = "Target Support Files/Pods-MiscueReading/Pods-MiscueReading.debug.xcconfig"; sourceTree = "<group>"; };
		5709B34CF0A7D63546082F79 /* Pods-MiscueReading.release.xcconfig */ = {isa = PBXFileReference; includeInIndex = 1; lastKnownFileType = text.xcconfig; name = "Pods-MiscueReading.release.xcconfig"; path = "Target Support Files/Pods-MiscueReading/Pods-MiscueReading.release.xcconfig"; sourceTree = "<group>"; };
		5DCACB8F33CDC322A6C60F78 /* libPods-MiscueReading.a */ = {isa = PBXFileReference; explicitFileType = archive.ar; includeInIndex = 0; path = "libPods-MiscueReading.a"; sourceTree = BUILT_PRODUCTS_DIR; };
		761780EC2CA45674006654EE /* AppDelegate.swift */ = {isa = PBXFileReference; lastKnownFileType = sourcecode.swift; name = AppDelegate.swift; path = MiscueReading/AppDelegate.swift; sourceTree = "<group>"; };
		81AB9BB72411601600AC10FF /* LaunchScreen.storyboard */ = {isa = PBXFileReference; fileEncoding = 4; lastKnownFileType = file.storyboard; name = LaunchScreen.storyboard; path = MiscueReading/LaunchScreen.storyboard; sourceTree = "<group>"; };
		ED297162215061F000B7C4FE /* JavaScriptCore.framework */ = {isa = PBXFileReference; lastKnownFileType = wrapper.framework; name = JavaScriptCore.framework; path = System/Library/Frameworks/JavaScriptCore.framework; sourceTree = SDKROOT; };
		13FD9A6DEFEC41C6A3A6F699 /* sassoon-primary-std.otf */ = {isa = PBXFileReference; name = "sassoon-primary-std.otf"; path = "../assets/fonts/sassoon-primary-std.otf"; sourceTree = "<group>"; fileEncoding = undefined; lastKnownFileType = unknown; explicitFileType = undefined; includeInIndex = 0; };
		0C749EFEA2E740619F52D192 /* Talina.otf */ = {isa = PBXFileReference; name = "Talina.otf"; path = "../assets/fonts/Talina.otf"; sourceTree = "<group>"; fileEncoding = undefined; lastKnownFileType = unknown; explicitFileType = undefined; includeInIndex = 0; };
		D6D8D615B1584A4291E8D927 /* ABeeZee-Italic.ttf */ = {isa = PBXFileReference; name = "ABeeZee-Italic.ttf"; path = "../assets/fonts/ABeeZee-Italic.ttf"; sourceTree = "<group>"; fileEncoding = undefined; lastKnownFileType = unknown; explicitFileType = undefined; includeInIndex = 0; };
		2B58FDB6A161492B967F67DA /* ABeeZee-Regular.ttf */ = {isa = PBXFileReference; name = "ABeeZee-Regular.ttf"; path = "../assets/fonts/ABeeZee-Regular.ttf"; sourceTree = "<group>"; fileEncoding = undefined; lastKnownFileType = unknown; explicitFileType = undefined; includeInIndex = 0; };
		FA31DAC0458D47288BF83BBC /* Andika-Bold.ttf */ = {isa = PBXFileReference; name = "Andika-Bold.ttf"; path = "../assets/fonts/Andika-Bold.ttf"; sourceTree = "<group>"; fileEncoding = undefined; lastKnownFileType = unknown; explicitFileType = undefined; includeInIndex = 0; };
		51552B0AF32748AA9919503F /* Andika-BoldItalic.ttf */ = {isa = PBXFileReference; name = "Andika-BoldItalic.ttf"; path = "../assets/fonts/Andika-BoldItalic.ttf"; sourceTree = "<group>"; fileEncoding = undefined; lastKnownFileType = unknown; explicitFileType = undefined; includeInIndex = 0; };
		6745E78652C44BD3BBB9D4FD /* Andika-Italic.ttf */ = {isa = PBXFileReference; name = "Andika-Italic.ttf"; path = "../assets/fonts/Andika-Italic.ttf"; sourceTree = "<group>"; fileEncoding = undefined; lastKnownFileType = unknown; explicitFileType = undefined; includeInIndex = 0; };
		FCEC9AA5D21348CDA5ECCAD4 /* Andika-Regular.ttf */ = {isa = PBXFileReference; name = "Andika-Regular.ttf"; path = "../assets/fonts/Andika-Regular.ttf"; sourceTree = "<group>"; fileEncoding = undefined; lastKnownFileType = unknown; explicitFileType = undefined; includeInIndex = 0; };
		135DE67D81584BD8A3324B86 /* Comfortaa-Bold.ttf */ = {isa = PBXFileReference; name = "Comfortaa-Bold.ttf"; path = "../assets/fonts/Comfortaa-Bold.ttf"; sourceTree = "<group>"; fileEncoding = undefined; lastKnownFileType = unknown; explicitFileType = undefined; includeInIndex = 0; };
		7BFB8B6AE38D493CBCBF0A10 /* Comfortaa-Light.ttf */ = {isa = PBXFileReference; name = "Comfortaa-Light.ttf"; path = "../assets/fonts/Comfortaa-Light.ttf"; sourceTree = "<group>"; fileEncoding = undefined; lastKnownFileType = unknown; explicitFileType = undefined; includeInIndex = 0; };
		79E4FFC77593420E869B4F25 /* Comfortaa-Medium.ttf */ = {isa = PBXFileReference; name = "Comfortaa-Medium.ttf"; path = "../assets/fonts/Comfortaa-Medium.ttf"; sourceTree = "<group>"; fileEncoding = undefined; lastKnownFileType = unknown; explicitFileType = undefined; includeInIndex = 0; };
		A88086D2E4804842B8169B60 /* Comfortaa-Regular.ttf */ = {isa = PBXFileReference; name = "Comfortaa-Regular.ttf"; path = "../assets/fonts/Comfortaa-Regular.ttf"; sourceTree = "<group>"; fileEncoding = undefined; lastKnownFileType = unknown; explicitFileType = undefined; includeInIndex = 0; };
		5E228C5DDC29487CBC58EBCA /* Comfortaa-SemiBold.ttf */ = {isa = PBXFileReference; name = "Comfortaa-SemiBold.ttf"; path = "../assets/fonts/Comfortaa-SemiBold.ttf"; sourceTree = "<group>"; fileEncoding = undefined; lastKnownFileType = unknown; explicitFileType = undefined; includeInIndex = 0; };
		2080D89C8DDD4C299D73FC68 /* Comfortaa-VariableFont_wght.ttf */ = {isa = PBXFileReference; name = "Comfortaa-VariableFont_wght.ttf"; path = "../assets/fonts/Comfortaa-VariableFont_wght.ttf"; sourceTree = "<group>"; fileEncoding = undefined; lastKnownFileType = unknown; explicitFileType = undefined; includeInIndex = 0; };
		13E1914446FC4E6EBA7A5080 /* Mochibop.ttf */ = {isa = PBXFileReference; name = "Mochibop.ttf"; path = "../assets/fonts/Mochibop.ttf"; sourceTree = "<group>"; fileEncoding = undefined; lastKnownFileType = unknown; explicitFileType = undefined; includeInIndex = 0; };
		49A69AD0F3D643A99EF74DDF /* MochibopBold.ttf */ = {isa = PBXFileReference; name = "MochibopBold.ttf"; path = "../assets/fonts/MochibopBold.ttf"; sourceTree = "<group>"; fileEncoding = undefined; lastKnownFileType = unknown; explicitFileType = undefined; includeInIndex = 0; };
		49E4D405DD7443BEA626CF44 /* Nunito-Black.ttf */ = {isa = PBXFileReference; name = "Nunito-Black.ttf"; path = "../assets/fonts/Nunito-Black.ttf"; sourceTree = "<group>"; fileEncoding = undefined; lastKnownFileType = unknown; explicitFileType = undefined; includeInIndex = 0; };
		711C53F44A5C414184DCEA29 /* Nunito-BlackItalic.ttf */ = {isa = PBXFileReference; name = "Nunito-BlackItalic.ttf"; path = "../assets/fonts/Nunito-BlackItalic.ttf"; sourceTree = "<group>"; fileEncoding = undefined; lastKnownFileType = unknown; explicitFileType = undefined; includeInIndex = 0; };
		992964358BEB4D4D84B1BE7C /* Nunito-Bold.ttf */ = {isa = PBXFileReference; name = "Nunito-Bold.ttf"; path = "../assets/fonts/Nunito-Bold.ttf"; sourceTree = "<group>"; fileEncoding = undefined; lastKnownFileType = unknown; explicitFileType = undefined; includeInIndex = 0; };
		C7981CAA3B0B42F7891829C1 /* Nunito-BoldItalic.ttf */ = {isa = PBXFileReference; name = "Nunito-BoldItalic.ttf"; path = "../assets/fonts/Nunito-BoldItalic.ttf"; sourceTree = "<group>"; fileEncoding = undefined; lastKnownFileType = unknown; explicitFileType = undefined; includeInIndex = 0; };
		50680A01750A4A69AF71FAD6 /* Nunito-ExtraBold.ttf */ = {isa = PBXFileReference; name = "Nunito-ExtraBold.ttf"; path = "../assets/fonts/Nunito-ExtraBold.ttf"; sourceTree = "<group>"; fileEncoding = undefined; lastKnownFileType = unknown; explicitFileType = undefined; includeInIndex = 0; };
		61E9CAB6CD214B538D8E77B9 /* Nunito-ExtraBoldItalic.ttf */ = {isa = PBXFileReference; name = "Nunito-ExtraBoldItalic.ttf"; path = "../assets/fonts/Nunito-ExtraBoldItalic.ttf"; sourceTree = "<group>"; fileEncoding = undefined; lastKnownFileType = unknown; explicitFileType = undefined; includeInIndex = 0; };
		C48ABF6C0D6444848B299470 /* Nunito-ExtraLight.ttf */ = {isa = PBXFileReference; name = "Nunito-ExtraLight.ttf"; path = "../assets/fonts/Nunito-ExtraLight.ttf"; sourceTree = "<group>"; fileEncoding = undefined; lastKnownFileType = unknown; explicitFileType = undefined; includeInIndex = 0; };
		A8F402822FE343F78D95EF62 /* Nunito-ExtraLightItalic.ttf */ = {isa = PBXFileReference; name = "Nunito-ExtraLightItalic.ttf"; path = "../assets/fonts/Nunito-ExtraLightItalic.ttf"; sourceTree = "<group>"; fileEncoding = undefined; lastKnownFileType = unknown; explicitFileType = undefined; includeInIndex = 0; };
		3500FFDBB9E245C193D7DBC3 /* Nunito-Italic.ttf */ = {isa = PBXFileReference; name = "Nunito-Italic.ttf"; path = "../assets/fonts/Nunito-Italic.ttf"; sourceTree = "<group>"; fileEncoding = undefined; lastKnownFileType = unknown; explicitFileType = undefined; includeInIndex = 0; };
		B8914B63C8CA4961995E2806 /* Nunito-Light.ttf */ = {isa = PBXFileReference; name = "Nunito-Light.ttf"; path = "../assets/fonts/Nunito-Light.ttf"; sourceTree = "<group>"; fileEncoding = undefined; lastKnownFileType = unknown; explicitFileType = undefined; includeInIndex = 0; };
		414C23E541B84C9D92FEEE4F /* Nunito-LightItalic.ttf */ = {isa = PBXFileReference; name = "Nunito-LightItalic.ttf"; path = "../assets/fonts/Nunito-LightItalic.ttf"; sourceTree = "<group>"; fileEncoding = undefined; lastKnownFileType = unknown; explicitFileType = undefined; includeInIndex = 0; };
		44457B4756534FAD8929A190 /* Nunito-Medium.ttf */ = {isa = PBXFileReference; name = "Nunito-Medium.ttf"; path = "../assets/fonts/Nunito-Medium.ttf"; sourceTree = "<group>"; fileEncoding = undefined; lastKnownFileType = unknown; explicitFileType = undefined; includeInIndex = 0; };
		F89F4E2C2D9D4ADAB87C4DED /* Nunito-MediumItalic.ttf */ = {isa = PBXFileReference; name = "Nunito-MediumItalic.ttf"; path = "../assets/fonts/Nunito-MediumItalic.ttf"; sourceTree = "<group>"; fileEncoding = undefined; lastKnownFileType = unknown; explicitFileType = undefined; includeInIndex = 0; };
		AD6F3AE3595A45148AADA5CB /* Nunito-Regular.ttf */ = {isa = PBXFileReference; name = "Nunito-Regular.ttf"; path = "../assets/fonts/Nunito-Regular.ttf"; sourceTree = "<group>"; fileEncoding = undefined; lastKnownFileType = unknown; explicitFileType = undefined; includeInIndex = 0; };
		A1FC6F2C544C4D62AD0EFE4C /* Nunito-SemiBold.ttf */ = {isa = PBXFileReference; name = "Nunito-SemiBold.ttf"; path = "../assets/fonts/Nunito-SemiBold.ttf"; sourceTree = "<group>"; fileEncoding = undefined; lastKnownFileType = unknown; explicitFileType = undefined; includeInIndex = 0; };
		B727C348E3BB4F2885B7B304 /* Nunito-SemiBoldItalic.ttf */ = {isa = PBXFileReference; name = "Nunito-SemiBoldItalic.ttf"; path = "../assets/fonts/Nunito-SemiBoldItalic.ttf"; sourceTree = "<group>"; fileEncoding = undefined; lastKnownFileType = unknown; explicitFileType = undefined; includeInIndex = 0; };
		66BD1DF2B17347E0BAEDD510 /* Nunito-VariableFont_wght.ttf */ = {isa = PBXFileReference; name = "Nunito-VariableFont_wght.ttf"; path = "../assets/fonts/Nunito-VariableFont_wght.ttf"; sourceTree = "<group>"; fileEncoding = undefined; lastKnownFileType = unknown; explicitFileType = undefined; includeInIndex = 0; };
		51E42A8F15C3471B94634665 /* Satoshi-Black.ttf */ = {isa = PBXFileReference; name = "Satoshi-Black.ttf"; path = "../assets/fonts/Satoshi-Black.ttf"; sourceTree = "<group>"; fileEncoding = undefined; lastKnownFileType = unknown; explicitFileType = undefined; includeInIndex = 0; };
		7170ED1CDA234F61A3FA10A9 /* Satoshi-BlackItalic.ttf */ = {isa = PBXFileReference; name = "Satoshi-BlackItalic.ttf"; path = "../assets/fonts/Satoshi-BlackItalic.ttf"; sourceTree = "<group>"; fileEncoding = undefined; lastKnownFileType = unknown; explicitFileType = undefined; includeInIndex = 0; };
		304990103DD844358A8630FB /* Satoshi-Bold.ttf */ = {isa = PBXFileReference; name = "Satoshi-Bold.ttf"; path = "../assets/fonts/Satoshi-Bold.ttf"; sourceTree = "<group>"; fileEncoding = undefined; lastKnownFileType = unknown; explicitFileType = undefined; includeInIndex = 0; };
		460983584D3A4F819FBFC4AF /* Satoshi-BoldItalic.ttf */ = {isa = PBXFileReference; name = "Satoshi-BoldItalic.ttf"; path = "../assets/fonts/Satoshi-BoldItalic.ttf"; sourceTree = "<group>"; fileEncoding = undefined; lastKnownFileType = unknown; explicitFileType = undefined; includeInIndex = 0; };
		E26240825EA1435490C2ADFF /* Satoshi-Italic.ttf */ = {isa = PBXFileReference; name = "Satoshi-Italic.ttf"; path = "../assets/fonts/Satoshi-Italic.ttf"; sourceTree = "<group>"; fileEncoding = undefined; lastKnownFileType = unknown; explicitFileType = undefined; includeInIndex = 0; };
		68AC3BAFD69C42B99D5AA641 /* Satoshi-Light.ttf */ = {isa = PBXFileReference; name = "Satoshi-Light.ttf"; path = "../assets/fonts/Satoshi-Light.ttf"; sourceTree = "<group>"; fileEncoding = undefined; lastKnownFileType = unknown; explicitFileType = undefined; includeInIndex = 0; };
		35BA4694291049D48B0C28A8 /* Satoshi-LightItalic.ttf */ = {isa = PBXFileReference; name = "Satoshi-LightItalic.ttf"; path = "../assets/fonts/Satoshi-LightItalic.ttf"; sourceTree = "<group>"; fileEncoding = undefined; lastKnownFileType = unknown; explicitFileType = undefined; includeInIndex = 0; };
		FDBE804FCE1B44FFA2D3E56A /* Satoshi-Medium.ttf */ = {isa = PBXFileReference; name = "Satoshi-Medium.ttf"; path = "../assets/fonts/Satoshi-Medium.ttf"; sourceTree = "<group>"; fileEncoding = undefined; lastKnownFileType = unknown; explicitFileType = undefined; includeInIndex = 0; };
		8EF55D4F73614E5DBA4B7E70 /* Satoshi-MediumItalic.ttf */ = {isa = PBXFileReference; name = "Satoshi-MediumItalic.ttf"; path = "../assets/fonts/Satoshi-MediumItalic.ttf"; sourceTree = "<group>"; fileEncoding = undefined; lastKnownFileType = unknown; explicitFileType = undefined; includeInIndex = 0; };
		14B6C21F7B1A410B9E818867 /* Satoshi-Regular.ttf */ = {isa = PBXFileReference; name = "Satoshi-Regular.ttf"; path = "../assets/fonts/Satoshi-Regular.ttf"; sourceTree = "<group>"; fileEncoding = undefined; lastKnownFileType = unknown; explicitFileType = undefined; includeInIndex = 0; };
		645A255347FE4B0C9E2BF2AA /* Satoshi-Variable.ttf */ = {isa = PBXFileReference; name = "Satoshi-Variable.ttf"; path = "../assets/fonts/Satoshi-Variable.ttf"; sourceTree = "<group>"; fileEncoding = undefined; lastKnownFileType = unknown; explicitFileType = undefined; includeInIndex = 0; };
		C3FE3419729142F6ABF33F8F /* Satoshi-VariableItalic.ttf */ = {isa = PBXFileReference; name = "Satoshi-VariableItalic.ttf"; path = "../assets/fonts/Satoshi-VariableItalic.ttf"; sourceTree = "<group>"; fileEncoding = undefined; lastKnownFileType = unknown; explicitFileType = undefined; includeInIndex = 0; };
/* End PBXFileReference section */

/* Begin PBXFrameworksBuildPhase section */
		13B07F8C1A680F5B00A75B9A /* Frameworks */ = {
			isa = PBXFrameworksBuildPhase;
			buildActionMask = 2147483647;
			files = (
				0C80B921A6F3F58F76C31292 /* libPods-MiscueReading.a in Frameworks */,
			);
			runOnlyForDeploymentPostprocessing = 0;
		};
/* End PBXFrameworksBuildPhase section */

/* Begin PBXGroup section */
		13B07FAE1A68108700A75B9A /* MiscueReading */ = {
			isa = PBXGroup;
			children = (
				13B07FB51A68108700A75B9A /* Images.xcassets */,
				761780EC2CA45674006654EE /* AppDelegate.swift */,
				13B07FB61A68108700A75B9A /* Info.plist */,
				81AB9BB72411601600AC10FF /* LaunchScreen.storyboard */,
				13B07FB81A68108700A75B9A /* PrivacyInfo.xcprivacy */,
			);
			name = MiscueReading;
			sourceTree = "<group>";
		};
		2D16E6871FA4F8E400B85C8A /* Frameworks */ = {
			isa = PBXGroup;
			children = (
				ED297162215061F000B7C4FE /* JavaScriptCore.framework */,
				5DCACB8F33CDC322A6C60F78 /* libPods-MiscueReading.a */,
			);
			name = Frameworks;
			sourceTree = "<group>";
		};
		832341AE1AAA6A7D00B99B32 /* Libraries */ = {
			isa = PBXGroup;
			children = (
			);
			name = Libraries;
			sourceTree = "<group>";
		};
		83CBB9F61A601CBA00E9B192 = {
			isa = PBXGroup;
			children = (
				13B07FAE1A68108700A75B9A /* MiscueReading */,
				832341AE1AAA6A7D00B99B32 /* Libraries */,
				83CBBA001A601CBA00E9B192 /* Products */,
				2D16E6871FA4F8E400B85C8A /* Frameworks */,
				BBD78D7AC51CEA395F1C20DB /* Pods */,
				EA1C063EE2D848B0A91DA064 /* Resources */,
			);
			indentWidth = 2;
			sourceTree = "<group>";
			tabWidth = 2;
			usesTabs = 0;
		};
		83CBBA001A601CBA00E9B192 /* Products */ = {
			isa = PBXGroup;
			children = (
				13B07F961A680F5B00A75B9A /* MiscueReading.app */,
			);
			name = Products;
			sourceTree = "<group>";
		};
		BBD78D7AC51CEA395F1C20DB /* Pods */ = {
			isa = PBXGroup;
			children = (
				3B4392A12AC88292D35C810B /* Pods-MiscueReading.debug.xcconfig */,
				5709B34CF0A7D63546082F79 /* Pods-MiscueReading.release.xcconfig */,
			);
			path = Pods;
			sourceTree = "<group>";
		};
		EA1C063EE2D848B0A91DA064 /* Resources */ = {
			isa = "PBXGroup";
			children = (
				13FD9A6DEFEC41C6A3A6F699 /* sassoon-primary-std.otf */,
				0C749EFEA2E740619F52D192 /* Talina.otf */,
				D6D8D615B1584A4291E8D927 /* ABeeZee-Italic.ttf */,
				2B58FDB6A161492B967F67DA /* ABeeZee-Regular.ttf */,
				FA31DAC0458D47288BF83BBC /* Andika-Bold.ttf */,
				51552B0AF32748AA9919503F /* Andika-BoldItalic.ttf */,
				6745E78652C44BD3BBB9D4FD /* Andika-Italic.ttf */,
				FCEC9AA5D21348CDA5ECCAD4 /* Andika-Regular.ttf */,
				135DE67D81584BD8A3324B86 /* Comfortaa-Bold.ttf */,
				7BFB8B6AE38D493CBCBF0A10 /* Comfortaa-Light.ttf */,
				79E4FFC77593420E869B4F25 /* Comfortaa-Medium.ttf */,
				A88086D2E4804842B8169B60 /* Comfortaa-Regular.ttf */,
				5E228C5DDC29487CBC58EBCA /* Comfortaa-SemiBold.ttf */,
				2080D89C8DDD4C299D73FC68 /* Comfortaa-VariableFont_wght.ttf */,
				13E1914446FC4E6EBA7A5080 /* Mochibop.ttf */,
				49A69AD0F3D643A99EF74DDF /* MochibopBold.ttf */,
				49E4D405DD7443BEA626CF44 /* Nunito-Black.ttf */,
				711C53F44A5C414184DCEA29 /* Nunito-BlackItalic.ttf */,
				992964358BEB4D4D84B1BE7C /* Nunito-Bold.ttf */,
				C7981CAA3B0B42F7891829C1 /* Nunito-BoldItalic.ttf */,
				50680A01750A4A69AF71FAD6 /* Nunito-ExtraBold.ttf */,
				61E9CAB6CD214B538D8E77B9 /* Nunito-ExtraBoldItalic.ttf */,
				C48ABF6C0D6444848B299470 /* Nunito-ExtraLight.ttf */,
				A8F402822FE343F78D95EF62 /* Nunito-ExtraLightItalic.ttf */,
				3500FFDBB9E245C193D7DBC3 /* Nunito-Italic.ttf */,
				B8914B63C8CA4961995E2806 /* Nunito-Light.ttf */,
				414C23E541B84C9D92FEEE4F /* Nunito-LightItalic.ttf */,
				44457B4756534FAD8929A190 /* Nunito-Medium.ttf */,
				F89F4E2C2D9D4ADAB87C4DED /* Nunito-MediumItalic.ttf */,
				AD6F3AE3595A45148AADA5CB /* Nunito-Regular.ttf */,
				A1FC6F2C544C4D62AD0EFE4C /* Nunito-SemiBold.ttf */,
				B727C348E3BB4F2885B7B304 /* Nunito-SemiBoldItalic.ttf */,
				66BD1DF2B17347E0BAEDD510 /* Nunito-VariableFont_wght.ttf */,
				51E42A8F15C3471B94634665 /* Satoshi-Black.ttf */,
				7170ED1CDA234F61A3FA10A9 /* Satoshi-BlackItalic.ttf */,
				304990103DD844358A8630FB /* Satoshi-Bold.ttf */,
				460983584D3A4F819FBFC4AF /* Satoshi-BoldItalic.ttf */,
				E26240825EA1435490C2ADFF /* Satoshi-Italic.ttf */,
				68AC3BAFD69C42B99D5AA641 /* Satoshi-Light.ttf */,
				35BA4694291049D48B0C28A8 /* Satoshi-LightItalic.ttf */,
				FDBE804FCE1B44FFA2D3E56A /* Satoshi-Medium.ttf */,
				8EF55D4F73614E5DBA4B7E70 /* Satoshi-MediumItalic.ttf */,
				14B6C21F7B1A410B9E818867 /* Satoshi-Regular.ttf */,
				645A255347FE4B0C9E2BF2AA /* Satoshi-Variable.ttf */,
				C3FE3419729142F6ABF33F8F /* Satoshi-VariableItalic.ttf */,
			);
			name = Resources;
			sourceTree = "<group>";
			path = "";
		};
/* End PBXGroup section */

/* Begin PBXNativeTarget section */
		13B07F861A680F5B00A75B9A /* MiscueReading */ = {
			isa = PBXNativeTarget;
			buildConfigurationList = 13B07F931A680F5B00A75B9A /* Build configuration list for PBXNativeTarget "MiscueReading" */;
			buildPhases = (
				C38B50BA6285516D6DCD4F65 /* [CP] Check Pods Manifest.lock */,
				13B07F871A680F5B00A75B9A /* Sources */,
				13B07F8C1A680F5B00A75B9A /* Frameworks */,
				13B07F8E1A680F5B00A75B9A /* Resources */,
				00DD1BFF1BD5951E006B06BC /* Bundle React Native code and images */,
				00EEFC60759A1932668264C0 /* [CP] Embed Pods Frameworks */,
				E235C05ADACE081382539298 /* [CP] Copy Pods Resources */,
			);
			buildRules = (
			);
			dependencies = (
			);
			name = MiscueReading;
			productName = MiscueReading;
			productReference = 13B07F961A680F5B00A75B9A /* MiscueReading.app */;
			productType = "com.apple.product-type.application";
		};
/* End PBXNativeTarget section */

/* Begin PBXProject section */
		83CBB9F71A601CBA00E9B192 /* Project object */ = {
			isa = PBXProject;
			attributes = {
				LastUpgradeCheck = 1210;
				TargetAttributes = {
					13B07F861A680F5B00A75B9A = {
						LastSwiftMigration = 1120;
					};
				};
			};
			buildConfigurationList = 83CBB9FA1A601CBA00E9B192 /* Build configuration list for PBXProject "MiscueReading" */;
			compatibilityVersion = "Xcode 12.0";
			developmentRegion = en;
			hasScannedForEncodings = 0;
			knownRegions = (
				en,
				Base,
			);
			mainGroup = 83CBB9F61A601CBA00E9B192;
			productRefGroup = 83CBBA001A601CBA00E9B192 /* Products */;
			projectDirPath = "";
			projectRoot = "";
			targets = (
				13B07F861A680F5B00A75B9A /* MiscueReading */,
			);
		};
/* End PBXProject section */

/* Begin PBXResourcesBuildPhase section */
		13B07F8E1A680F5B00A75B9A /* Resources */ = {
			isa = PBXResourcesBuildPhase;
			buildActionMask = 2147483647;
			files = (
				81AB9BB82411601600AC10FF /* LaunchScreen.storyboard in Resources */,
				13B07FBF1A68108700A75B9A /* Images.xcassets in Resources */,
				5DEE2B68366A47A89E182CBC /* sassoon-primary-std.otf in Resources */,
				637510337AEC4E2D9DB144A8 /* Talina.otf in Resources */,
				9020621D6504447BB69E34FF /* ABeeZee-Italic.ttf in Resources */,
				A426CE57112D4D1BAF933D7D /* ABeeZee-Regular.ttf in Resources */,
				77E3A8C923E44592A1634FF0 /* Andika-Bold.ttf in Resources */,
				CC2FB8F7FBE145B393CE21A4 /* Andika-BoldItalic.ttf in Resources */,
				4C0747AABC504EBFBBA97180 /* Andika-Italic.ttf in Resources */,
				D69118AA929643E1AB437B1A /* Andika-Regular.ttf in Resources */,
				CFB3B464A73F4D789FA280F8 /* Comfortaa-Bold.ttf in Resources */,
				4C5622BE95F44782B7D27D4F /* Comfortaa-Light.ttf in Resources */,
				E779F496B4BF4AFEB9D0B9F1 /* Comfortaa-Medium.ttf in Resources */,
				6451ED7D5E66427A932A54FE /* Comfortaa-Regular.ttf in Resources */,
				9A9A27454A764C4C8C5EDCAF /* Comfortaa-SemiBold.ttf in Resources */,
				D0CE0F1167FF48C6A7FA7BD7 /* Comfortaa-VariableFont_wght.ttf in Resources */,
				114217E20437475D83B0A568 /* Mochibop.ttf in Resources */,
				1EB2296A6A774CD2A5FA9274 /* MochibopBold.ttf in Resources */,
				FACBF5D1F9264FED9F64B6A0 /* Nunito-Black.ttf in Resources */,
				F3DBC7988012468A86AEE937 /* Nunito-BlackItalic.ttf in Resources */,
				80E30F649D0842ADBA277DFE /* Nunito-Bold.ttf in Resources */,
				1FE09191583A4169B75040BD /* Nunito-BoldItalic.ttf in Resources */,
				CCC3C67E99F84525A4B062D2 /* Nunito-ExtraBold.ttf in Resources */,
				2A50142D4D7D452492574CDA /* Nunito-ExtraBoldItalic.ttf in Resources */,
				F1C686AA9FAA45F08FE0A8D3 /* Nunito-ExtraLight.ttf in Resources */,
				D67F562692C34C569EB2F07F /* Nunito-ExtraLightItalic.ttf in Resources */,
				BECD5B3899F04008A2067C88 /* Nunito-Italic.ttf in Resources */,
				E55293C3267441D5B3C96135 /* Nunito-Light.ttf in Resources */,
				E863F6376AB745A49ABFC490 /* Nunito-LightItalic.ttf in Resources */,
				9779EF7BE1C64DAB9E2DFED7 /* Nunito-Medium.ttf in Resources */,
				8FE08D6CA62D495B971A7A33 /* Nunito-MediumItalic.ttf in Resources */,
				BEA8887B445A473686C3696B /* Nunito-Regular.ttf in Resources */,
				E5EB244BB4BF4C7E942B44EC /* Nunito-SemiBold.ttf in Resources */,
				BA995CC0AD894E9080310CBF /* Nunito-SemiBoldItalic.ttf in Resources */,
				4FB37AD3D4DE441B9AE94F9F /* Nunito-VariableFont_wght.ttf in Resources */,
				793A516BAB804AD1A17C2929 /* Satoshi-Black.ttf in Resources */,
				A9D683049FF84ADEBBA71B45 /* Satoshi-BlackItalic.ttf in Resources */,
				078D307F20734143A88651EA /* Satoshi-Bold.ttf in Resources */,
				D9BA4DA2538443DB8B02E5E9 /* Satoshi-BoldItalic.ttf in Resources */,
				E7BB0783C0514A7AA0D31F4C /* Satoshi-Italic.ttf in Resources */,
				1D847C0BEAEA486A8C9057CE /* Satoshi-Light.ttf in Resources */,
				9B7C9197BE0248598F7643B6 /* Satoshi-LightItalic.ttf in Resources */,
				36505A46E0EF4EBA991FE7BE /* Satoshi-Medium.ttf in Resources */,
				3AD296D5C514418B95DB2203 /* Satoshi-MediumItalic.ttf in Resources */,
				9516571571B743F4BAA40BD0 /* Satoshi-Regular.ttf in Resources */,
				4296805D3A1D417FA70B2793 /* Satoshi-Variable.ttf in Resources */,
				FF88F72774D7410F97732599 /* Satoshi-VariableItalic.ttf in Resources */,
			);
			runOnlyForDeploymentPostprocessing = 0;
		};
/* End PBXResourcesBuildPhase section */

/* Begin PBXShellScriptBuildPhase section */
		00DD1BFF1BD5951E006B06BC /* Bundle React Native code and images */ = {
			isa = PBXShellScriptBuildPhase;
			buildActionMask = 2147483647;
			files = (
			);
			inputPaths = (
				"$(SRCROOT)/.xcode.env.local",
				"$(SRCROOT)/.xcode.env",
			);
			name = "Bundle React Native code and images";
			outputPaths = (
			);
			runOnlyForDeploymentPostprocessing = 0;
			shellPath = /bin/sh;
			shellScript = "set -e\n\nWITH_ENVIRONMENT=\"$REACT_NATIVE_PATH/scripts/xcode/with-environment.sh\"\nREACT_NATIVE_XCODE=\"$REACT_NATIVE_PATH/scripts/react-native-xcode.sh\"\n\n/bin/sh -c \"$WITH_ENVIRONMENT $REACT_NATIVE_XCODE\"\n";
		};
		00EEFC60759A1932668264C0 /* [CP] Embed Pods Frameworks */ = {
			isa = PBXShellScriptBuildPhase;
			buildActionMask = 2147483647;
			files = (
			);
			inputFileListPaths = (
				"${PODS_ROOT}/Target Support Files/Pods-MiscueReading/Pods-MiscueReading-frameworks-${CONFIGURATION}-input-files.xcfilelist",
			);
			name = "[CP] Embed Pods Frameworks";
			outputFileListPaths = (
				"${PODS_ROOT}/Target Support Files/Pods-MiscueReading/Pods-MiscueReading-frameworks-${CONFIGURATION}-output-files.xcfilelist",
			);
			runOnlyForDeploymentPostprocessing = 0;
			shellPath = /bin/sh;
			shellScript = "\"${PODS_ROOT}/Target Support Files/Pods-MiscueReading/Pods-MiscueReading-frameworks.sh\"\n";
			showEnvVarsInLog = 0;
		};
		C38B50BA6285516D6DCD4F65 /* [CP] Check Pods Manifest.lock */ = {
			isa = PBXShellScriptBuildPhase;
			buildActionMask = 2147483647;
			files = (
			);
			inputFileListPaths = (
			);
			inputPaths = (
				"${PODS_PODFILE_DIR_PATH}/Podfile.lock",
				"${PODS_ROOT}/Manifest.lock",
			);
			name = "[CP] Check Pods Manifest.lock";
			outputFileListPaths = (
			);
			outputPaths = (
				"$(DERIVED_FILE_DIR)/Pods-MiscueReading-checkManifestLockResult.txt",
			);
			runOnlyForDeploymentPostprocessing = 0;
			shellPath = /bin/sh;
			shellScript = "diff \"${PODS_PODFILE_DIR_PATH}/Podfile.lock\" \"${PODS_ROOT}/Manifest.lock\" > /dev/null\nif [ $? != 0 ] ; then\n    # print error to STDERR\n    echo \"error: The sandbox is not in sync with the Podfile.lock. Run 'pod install' or update your CocoaPods installation.\" >&2\n    exit 1\nfi\n# This output is used by Xcode 'outputs' to avoid re-running this script phase.\necho \"SUCCESS\" > \"${SCRIPT_OUTPUT_FILE_0}\"\n";
			showEnvVarsInLog = 0;
		};
		E235C05ADACE081382539298 /* [CP] Copy Pods Resources */ = {
			isa = PBXShellScriptBuildPhase;
			buildActionMask = 2147483647;
			files = (
			);
			inputFileListPaths = (
				"${PODS_ROOT}/Target Support Files/Pods-MiscueReading/Pods-MiscueReading-resources-${CONFIGURATION}-input-files.xcfilelist",
			);
			name = "[CP] Copy Pods Resources";
			outputFileListPaths = (
				"${PODS_ROOT}/Target Support Files/Pods-MiscueReading/Pods-MiscueReading-resources-${CONFIGURATION}-output-files.xcfilelist",
			);
			runOnlyForDeploymentPostprocessing = 0;
			shellPath = /bin/sh;
			shellScript = "\"${PODS_ROOT}/Target Support Files/Pods-MiscueReading/Pods-MiscueReading-resources.sh\"\n";
			showEnvVarsInLog = 0;
		};
/* End PBXShellScriptBuildPhase section */

/* Begin PBXSourcesBuildPhase section */
		13B07F871A680F5B00A75B9A /* Sources */ = {
			isa = PBXSourcesBuildPhase;
			buildActionMask = 2147483647;
			files = (
				761780ED2CA45674006654EE /* AppDelegate.swift in Sources */,
			);
			runOnlyForDeploymentPostprocessing = 0;
		};
/* End PBXSourcesBuildPhase section */

/* Begin XCBuildConfiguration section */
		13B07F941A680F5B00A75B9A /* Debug */ = {
			isa = XCBuildConfiguration;
			baseConfigurationReference = 3B4392A12AC88292D35C810B /* Pods-MiscueReading.debug.xcconfig */;
			buildSettings = {
				ASSETCATALOG_COMPILER_APPICON_NAME = AppIcon;
				CLANG_ENABLE_MODULES = YES;
				CURRENT_PROJECT_VERSION = 4;
				ENABLE_BITCODE = NO;
				INFOPLIST_FILE = MiscueReading/Info.plist;
				IPHONEOS_DEPLOYMENT_TARGET = 15.1;
				LD_RUNPATH_SEARCH_PATHS = (
					"$(inherited)",
					"@executable_path/Frameworks",
				);
				MARKETING_VERSION = 1.0;
				OTHER_LDFLAGS = (
					"$(inherited)",
					"-ObjC",
					"-lc++",
				);
				PRODUCT_BUNDLE_IDENTIFIER = "org.reactjs.native.example.$(PRODUCT_NAME:rfc1034identifier)";
				PRODUCT_NAME = MiscueReading;
				SWIFT_OPTIMIZATION_LEVEL = "-Onone";
				SWIFT_VERSION = 5.0;
				VERSIONING_SYSTEM = "apple-generic";
			};
			name = Debug;
		};
		13B07F951A680F5B00A75B9A /* Release */ = {
			isa = XCBuildConfiguration;
			baseConfigurationReference = 5709B34CF0A7D63546082F79 /* Pods-MiscueReading.release.xcconfig */;
			buildSettings = {
				ASSETCATALOG_COMPILER_APPICON_NAME = AppIcon;
				CLANG_ENABLE_MODULES = YES;
				CURRENT_PROJECT_VERSION = 4;
				INFOPLIST_FILE = MiscueReading/Info.plist;
				IPHONEOS_DEPLOYMENT_TARGET = 15.1;
				LD_RUNPATH_SEARCH_PATHS = (
					"$(inherited)",
					"@executable_path/Frameworks",
				);
				MARKETING_VERSION = 1.0;
				OTHER_LDFLAGS = (
					"$(inherited)",
					"-ObjC",
					"-lc++",
				);
				PRODUCT_BUNDLE_IDENTIFIER = "org.reactjs.native.example.$(PRODUCT_NAME:rfc1034identifier)";
				PRODUCT_NAME = MiscueReading;
				SWIFT_VERSION = 5.0;
				VERSIONING_SYSTEM = "apple-generic";
			};
			name = Release;
		};
		83CBBA201A601CBA00E9B192 /* Debug */ = {
			isa = XCBuildConfiguration;
			buildSettings = {
				ALWAYS_SEARCH_USER_PATHS = NO;
				CLANG_ANALYZER_LOCALIZABILITY_NONLOCALIZED = YES;
				CLANG_CXX_LANGUAGE_STANDARD = "c++20";
				CLANG_CXX_LIBRARY = "libc++";
				CLANG_ENABLE_MODULES = YES;
				CLANG_ENABLE_OBJC_ARC = YES;
				CLANG_WARN_BLOCK_CAPTURE_AUTORELEASING = YES;
				CLANG_WARN_BOOL_CONVERSION = YES;
				CLANG_WARN_COMMA = YES;
				CLANG_WARN_CONSTANT_CONVERSION = YES;
				CLANG_WARN_DEPRECATED_OBJC_IMPLEMENTATIONS = YES;
				CLANG_WARN_DIRECT_OBJC_ISA_USAGE = YES_ERROR;
				CLANG_WARN_EMPTY_BODY = YES;
				CLANG_WARN_ENUM_CONVERSION = YES;
				CLANG_WARN_INFINITE_RECURSION = YES;
				CLANG_WARN_INT_CONVERSION = YES;
				CLANG_WARN_NON_LITERAL_NULL_CONVERSION = YES;
				CLANG_WARN_OBJC_IMPLICIT_RETAIN_SELF = YES;
				CLANG_WARN_OBJC_LITERAL_CONVERSION = YES;
				CLANG_WARN_OBJC_ROOT_CLASS = YES_ERROR;
				CLANG_WARN_QUOTED_INCLUDE_IN_FRAMEWORK_HEADER = YES;
				CLANG_WARN_RANGE_LOOP_ANALYSIS = YES;
				CLANG_WARN_STRICT_PROTOTYPES = YES;
				CLANG_WARN_SUSPICIOUS_MOVE = YES;
				CLANG_WARN_UNREACHABLE_CODE = YES;
				CLANG_WARN__DUPLICATE_METHOD_MATCH = YES;
				"CODE_SIGN_IDENTITY[sdk=iphoneos*]" = "iPhone Developer";
				COPY_PHASE_STRIP = NO;
				ENABLE_STRICT_OBJC_MSGSEND = YES;
				ENABLE_TESTABILITY = YES;
				"EXCLUDED_ARCHS[sdk=iphonesimulator*]" = "";
				GCC_C_LANGUAGE_STANDARD = gnu99;
				GCC_DYNAMIC_NO_PIC = NO;
				GCC_NO_COMMON_BLOCKS = YES;
				GCC_OPTIMIZATION_LEVEL = 0;
				GCC_PREPROCESSOR_DEFINITIONS = (
					"DEBUG=1",
					"$(inherited)",
				);
				GCC_SYMBOLS_PRIVATE_EXTERN = NO;
				GCC_WARN_64_TO_32_BIT_CONVERSION = YES;
				GCC_WARN_ABOUT_RETURN_TYPE = YES_ERROR;
				GCC_WARN_UNDECLARED_SELECTOR = YES;
				GCC_WARN_UNINITIALIZED_AUTOS = YES_AGGRESSIVE;
				GCC_WARN_UNUSED_FUNCTION = YES;
				GCC_WARN_UNUSED_VARIABLE = YES;
				IPHONEOS_DEPLOYMENT_TARGET = 15.1;
				LD_RUNPATH_SEARCH_PATHS = (
					/usr/lib/swift,
					"$(inherited)",
				);
				LIBRARY_SEARCH_PATHS = (
					"\"$(SDKROOT)/usr/lib/swift\"",
					"\"$(TOOLCHAIN_DIR)/usr/lib/swift/$(PLATFORM_NAME)\"",
					"\"$(inherited)\"",
				);
				MTL_ENABLE_DEBUG_INFO = YES;
				ONLY_ACTIVE_ARCH = YES;
				OTHER_CPLUSPLUSFLAGS = (
					"$(OTHER_CFLAGS)",
					"-DFOLLY_NO_CONFIG",
					"-DFOLLY_MOBILE=1",
					"-DFOLLY_USE_LIBCPP=1",
					"-DFOLLY_CFG_NO_COROUTINES=1",
					"-DFOLLY_HAVE_CLOCK_GETTIME=1",
				);
				SDKROOT = iphoneos;
			};
			name = Debug;
		};
		83CBBA211A601CBA00E9B192 /* Release */ = {
			isa = XCBuildConfiguration;
			buildSettings = {
				ALWAYS_SEARCH_USER_PATHS = NO;
				CLANG_ANALYZER_LOCALIZABILITY_NONLOCALIZED = YES;
				CLANG_CXX_LANGUAGE_STANDARD = "c++20";
				CLANG_CXX_LIBRARY = "libc++";
				CLANG_ENABLE_MODULES = YES;
				CLANG_ENABLE_OBJC_ARC = YES;
				CLANG_WARN_BLOCK_CAPTURE_AUTORELEASING = YES;
				CLANG_WARN_BOOL_CONVERSION = YES;
				CLANG_WARN_COMMA = YES;
				CLANG_WARN_CONSTANT_CONVERSION = YES;
				CLANG_WARN_DEPRECATED_OBJC_IMPLEMENTATIONS = YES;
				CLANG_WARN_DIRECT_OBJC_ISA_USAGE = YES_ERROR;
				CLANG_WARN_EMPTY_BODY = YES;
				CLANG_WARN_ENUM_CONVERSION = YES;
				CLANG_WARN_INFINITE_RECURSION = YES;
				CLANG_WARN_INT_CONVERSION = YES;
				CLANG_WARN_NON_LITERAL_NULL_CONVERSION = YES;
				CLANG_WARN_OBJC_IMPLICIT_RETAIN_SELF = YES;
				CLANG_WARN_OBJC_LITERAL_CONVERSION = YES;
				CLANG_WARN_OBJC_ROOT_CLASS = YES_ERROR;
				CLANG_WARN_QUOTED_INCLUDE_IN_FRAMEWORK_HEADER = YES;
				CLANG_WARN_RANGE_LOOP_ANALYSIS = YES;
				CLANG_WARN_STRICT_PROTOTYPES = YES;
				CLANG_WARN_SUSPICIOUS_MOVE = YES;
				CLANG_WARN_UNREACHABLE_CODE = YES;
				CLANG_WARN__DUPLICATE_METHOD_MATCH = YES;
				"CODE_SIGN_IDENTITY[sdk=iphoneos*]" = "iPhone Developer";
				COPY_PHASE_STRIP = YES;
				ENABLE_NS_ASSERTIONS = NO;
				ENABLE_STRICT_OBJC_MSGSEND = YES;
				"EXCLUDED_ARCHS[sdk=iphonesimulator*]" = "";
				GCC_C_LANGUAGE_STANDARD = gnu99;
				GCC_NO_COMMON_BLOCKS = YES;
				GCC_WARN_64_TO_32_BIT_CONVERSION = YES;
				GCC_WARN_ABOUT_RETURN_TYPE = YES_ERROR;
				GCC_WARN_UNDECLARED_SELECTOR = YES;
				GCC_WARN_UNINITIALIZED_AUTOS = YES_AGGRESSIVE;
				GCC_WARN_UNUSED_FUNCTION = YES;
				GCC_WARN_UNUSED_VARIABLE = YES;
				IPHONEOS_DEPLOYMENT_TARGET = 15.1;
				LD_RUNPATH_SEARCH_PATHS = (
					/usr/lib/swift,
					"$(inherited)",
				);
				LIBRARY_SEARCH_PATHS = (
					"\"$(SDKROOT)/usr/lib/swift\"",
					"\"$(TOOLCHAIN_DIR)/usr/lib/swift/$(PLATFORM_NAME)\"",
					"\"$(inherited)\"",
				);
				MTL_ENABLE_DEBUG_INFO = NO;
				OTHER_CPLUSPLUSFLAGS = (
					"$(OTHER_CFLAGS)",
					"-DFOLLY_NO_CONFIG",
					"-DFOLLY_MOBILE=1",
					"-DFOLLY_USE_LIBCPP=1",
					"-DFOLLY_CFG_NO_COROUTINES=1",
					"-DFOLLY_HAVE_CLOCK_GETTIME=1",
				);
				SDKROOT = iphoneos;
				VALIDATE_PRODUCT = YES;
			};
			name = Release;
		};
/* End XCBuildConfiguration section */

/* Begin XCConfigurationList section */
		13B07F931A680F5B00A75B9A /* Build configuration list for PBXNativeTarget "MiscueReading" */ = {
			isa = XCConfigurationList;
			buildConfigurations = (
				13B07F941A680F5B00A75B9A /* Debug */,
				13B07F951A680F5B00A75B9A /* Release */,
			);
			defaultConfigurationIsVisible = 0;
			defaultConfigurationName = Release;
		};
		83CBB9FA1A601CBA00E9B192 /* Build configuration list for PBXProject "MiscueReading" */ = {
			isa = XCConfigurationList;
			buildConfigurations = (
				83CBBA201A601CBA00E9B192 /* Debug */,
				83CBBA211A601CBA00E9B192 /* Release */,
			);
			defaultConfigurationIsVisible = 0;
			defaultConfigurationName = Release;
		};
/* End XCConfigurationList section */
	};
	rootObject = 83CBB9F71A601CBA00E9B192 /* Project object */;
}
